<?xml version="1.0" encoding="utf-8"?>
<Project ToolsVersion="4.0" xmlns="http://schemas.microsoft.com/developer/msbuild/2003">
  <ItemGroup>
    <Filter Include="99.Etc">
      <UniqueIdentifier>{643a98a3-1e95-47ad-92e7-ff36fb085b55}</UniqueIdentifier>
    </Filter>
    <Filter Include="98.Header">
      <UniqueIdentifier>{c26b4ae7-a46d-4a73-b5fe-acc8762421d3}</UniqueIdentifier>
    </Filter>
    <Filter Include="00.MainFrm">
      <UniqueIdentifier>{5267f27d-3907-4694-b22d-60f8b01f5953}</UniqueIdentifier>
    </Filter>
    <Filter Include="01.Document">
      <UniqueIdentifier>{b7e29e40-755d-42e3-8532-50a4914d6666}</UniqueIdentifier>
    </Filter>
    <Filter Include="02.View">
      <UniqueIdentifier>{03f3d710-2657-41d2-acec-1f62d85b49d6}</UniqueIdentifier>
    </Filter>
    <Filter Include="99.Etc\리소스 파일">
      <UniqueIdentifier>{67DA6AB6-F800-4c08-8B7A-83BB121AAD01}</UniqueIdentifier>
      <Extensions>rc;ico;cur;bmp;dlg;rc2;rct;bin;rgs;gif;jpg;jpeg;jpe;resx;tiff;tif;png;wav;mfcribbon-ms</Extensions>
    </Filter>
    <Filter Include="03.FormView">
      <UniqueIdentifier>{d2791b3e-5e8b-4e45-a097-8d6661ac1a6d}</UniqueIdentifier>
    </Filter>
    <Filter Include="04.TapControl">
      <UniqueIdentifier>{75de00bb-75d6-44db-aa79-272463907c4b}</UniqueIdentifier>
    </Filter>
    <Filter Include="04.TapControl\00.TabPathFinder">
      <UniqueIdentifier>{76594900-fc04-419a-b4a4-1b938ef18dcc}</UniqueIdentifier>
    </Filter>
    <Filter Include="04.TapControl\01.TabObject">
      <UniqueIdentifier>{381eb77c-885a-4513-af25-e85df13ebd77}</UniqueIdentifier>
    </Filter>
    <Filter Include="04.TapControl\02.TabCollider">
      <UniqueIdentifier>{22a6a12b-2491-48fb-9449-f6c25c886ec0}</UniqueIdentifier>
    </Filter>
    <Filter Include="04.TapControl\03.TabAnimation">
      <UniqueIdentifier>{d1848303-8ed5-401b-87da-3b4c96a1660f}</UniqueIdentifier>
    </Filter>
    <Filter Include="04.TapControl\04.TabCamera">
      <UniqueIdentifier>{ce938b0a-35f5-4ebf-9778-f7250d119ff3}</UniqueIdentifier>
    </Filter>
    <Filter Include="04.TapControl\05.TabEffect">
      <UniqueIdentifier>{31d8d723-24f3-4984-ae5a-457e8ffa7887}</UniqueIdentifier>
    </Filter>
    <Filter Include="97.Mgr">
      <UniqueIdentifier>{d96cb6e1-f894-4cf7-a6c4-0d5655068a7d}</UniqueIdentifier>
    </Filter>
    <Filter Include="97.Mgr\00.FileInfo">
      <UniqueIdentifier>{84953377-7787-4f24-acf7-789bdb947b6b}</UniqueIdentifier>
    </Filter>
  </ItemGroup>
  <ItemGroup>
    <ClInclude Include="MainFrm.h">
      <Filter>00.MainFrm</Filter>
    </ClInclude>
    <ClInclude Include="ToolDoc.h">
      <Filter>01.Document</Filter>
    </ClInclude>
    <ClInclude Include="ToolView.h">
      <Filter>02.View</Filter>
    </ClInclude>
    <ClInclude Include="framework.h">
      <Filter>99.Etc</Filter>
    </ClInclude>
    <ClInclude Include="Resource.h">
      <Filter>99.Etc</Filter>
    </ClInclude>
    <ClInclude Include="stdafx.h">
      <Filter>99.Etc</Filter>
    </ClInclude>
    <ClInclude Include="targetver.h">
      <Filter>99.Etc</Filter>
    </ClInclude>
    <ClInclude Include="Tool.h">
      <Filter>99.Etc</Filter>
    </ClInclude>
    <ClInclude Include="..\Header\Include.h">
      <Filter>98.Header</Filter>
    </ClInclude>
    <ClInclude Include="..\Header\Macro.h">
      <Filter>98.Header</Filter>
    </ClInclude>
    <ClInclude Include="..\Header\Struct.h">
      <Filter>98.Header</Filter>
    </ClInclude>
    <ClInclude Include="..\Header\Typedef.h">
      <Filter>98.Header</Filter>
    </ClInclude>
    <ClInclude Include="..\Header\Const.h">
      <Filter>98.Header</Filter>
    </ClInclude>
    <ClInclude Include="..\Header\Extern.h">
      <Filter>98.Header</Filter>
    </ClInclude>
    <ClInclude Include="MyForm.h">
      <Filter>03.FormView</Filter>
    </ClInclude>
    <ClInclude Include="TabPathFinder.h">
      <Filter>04.TapControl\00.TabPathFinder</Filter>
    </ClInclude>
    <ClInclude Include="TabObject.h">
      <Filter>04.TapControl\01.TabObject</Filter>
    </ClInclude>
    <ClInclude Include="TabCollider.h">
      <Filter>04.TapControl\02.TabCollider</Filter>
    </ClInclude>
    <ClInclude Include="TabAnimation.h">
      <Filter>04.TapControl\03.TabAnimation</Filter>
    </ClInclude>
    <ClInclude Include="TabCamera.h">
      <Filter>04.TapControl\04.TabCamera</Filter>
    </ClInclude>
    <ClInclude Include="TabEffect.h">
      <Filter>04.TapControl\05.TabEffect</Filter>
    </ClInclude>
    <ClInclude Include="..\Code\ToolFileInfo.h">
      <Filter>97.Mgr\00.FileInfo</Filter>
    </ClInclude>
  </ItemGroup>
  <ItemGroup>
    <ClCompile Include="MainFrm.cpp">
      <Filter>00.MainFrm</Filter>
    </ClCompile>
    <ClCompile Include="ToolDoc.cpp">
      <Filter>01.Document</Filter>
    </ClCompile>
    <ClCompile Include="ToolView.cpp">
      <Filter>02.View</Filter>
    </ClCompile>
    <ClCompile Include="stdafx.cpp">
      <Filter>99.Etc</Filter>
    </ClCompile>
    <ClCompile Include="Tool.cpp">
      <Filter>99.Etc</Filter>
    </ClCompile>
    <ClCompile Include="MyForm.cpp">
      <Filter>03.FormView</Filter>
    </ClCompile>
    <ClCompile Include="TabPathFinder.cpp">
      <Filter>04.TapControl\00.TabPathFinder</Filter>
    </ClCompile>
    <ClCompile Include="TabObject.cpp">
      <Filter>04.TapControl\01.TabObject</Filter>
    </ClCompile>
    <ClCompile Include="TabCollider.cpp">
      <Filter>04.TapControl\02.TabCollider</Filter>
    </ClCompile>
    <ClCompile Include="TabAnimation.cpp">
      <Filter>04.TapControl\03.TabAnimation</Filter>
    </ClCompile>
    <ClCompile Include="TabCamera.cpp">
      <Filter>04.TapControl\04.TabCamera</Filter>
    </ClCompile>
    <ClCompile Include="TabEffect.cpp">
      <Filter>04.TapControl\05.TabEffect</Filter>
    </ClCompile>
    <ClCompile Include="..\Code\ToolFileInfo.cpp">
      <Filter>97.Mgr\00.FileInfo</Filter>
    </ClCompile>
  </ItemGroup>
  <ItemGroup>
    <ResourceCompile Include="Tool.rc">
      <Filter>99.Etc\리소스 파일</Filter>
    </ResourceCompile>
  </ItemGroup>
  <ItemGroup>
    <None Include="res\Tool.rc2">
      <Filter>99.Etc\리소스 파일</Filter>
    </None>
  </ItemGroup>
  <ItemGroup>
    <Image Include="res\ToolDoc.ico">
      <Filter>99.Etc\리소스 파일</Filter>
    </Image>
    <Image Include="res\Tool.ico">
      <Filter>99.Etc\리소스 파일</Filter>
    </Image>
    <Image Include="res\Toolbar.bmp">
      <Filter>99.Etc\리소스 파일</Filter>
    </Image>
  </ItemGroup>
</Project>