<?xml version="1.0" encoding="utf-8"?>
<Project ToolsVersion="4.0" xmlns="http://schemas.microsoft.com/developer/msbuild/2003">
  <ItemGroup>
    <Filter Include="99.Etc">
      <UniqueIdentifier>{e427639d-e918-4a32-949d-9561326119a4}</UniqueIdentifier>
    </Filter>
    <Filter Include="98.Header">
      <UniqueIdentifier>{6f905f50-11c2-45a4-91f5-7c78a86264b1}</UniqueIdentifier>
    </Filter>
    <Filter Include="00.MainApp">
      <UniqueIdentifier>{d44c419a-06e7-4459-aa0b-865fac6ecdc9}</UniqueIdentifier>
    </Filter>
    <Filter Include="97.Mgr">
      <UniqueIdentifier>{27876c48-0016-46b3-87e1-89e8fb599f1a}</UniqueIdentifier>
    </Filter>
    <Filter Include="01.Scene">
      <UniqueIdentifier>{256c4ed2-d49e-45f9-a77a-d6dfb12066fc}</UniqueIdentifier>
    </Filter>
    <Filter Include="02.GameObject">
      <UniqueIdentifier>{ca6f4b3b-0852-42ed-89f9-fb933331dd10}</UniqueIdentifier>
    </Filter>
    <Filter Include="02.GameObject\01.Environment">
      <UniqueIdentifier>{c032b6d9-f4d5-4740-9507-36a2e633f142}</UniqueIdentifier>
    </Filter>
    <Filter Include="01.Scene\02.Menu">
      <UniqueIdentifier>{51fd0ff7-39a3-4557-b9b9-cc8eb69fb283}</UniqueIdentifier>
    </Filter>
    <Filter Include="96.Camera">
      <UniqueIdentifier>{fd951fef-76fb-4e49-bf03-6a0843ab4a01}</UniqueIdentifier>
    </Filter>
    <Filter Include="01.Scene\00.Loading">
      <UniqueIdentifier>{414ce8cb-454b-482a-95af-49b027ded482}</UniqueIdentifier>
    </Filter>
    <Filter Include="02.GameObject\01.Environment\00.SkyBox">
      <UniqueIdentifier>{61fc58df-0b62-411a-a848-149a178cb7c2}</UniqueIdentifier>
    </Filter>
    <Filter Include="96.Camera\00.DebugCamera">
      <UniqueIdentifier>{d4a13fa5-d857-4baf-9d6d-df48e0c74061}</UniqueIdentifier>
    </Filter>
    <Filter Include="96.Camera\01.DynamicCamera">
      <UniqueIdentifier>{99b8dbdf-8398-4c85-a054-3158a779b010}</UniqueIdentifier>
    </Filter>
    <Filter Include="01.Scene\99.DebugStage">
      <UniqueIdentifier>{8129731b-c82e-4cf7-bbab-9ac7e83b6987}</UniqueIdentifier>
    </Filter>
    <Filter Include="97.Mgr\00.PacketMgr">
      <UniqueIdentifier>{4d9afe9f-34b3-44e0-acf1-51a5f382f0be}</UniqueIdentifier>
    </Filter>
    <Filter Include="97.Mgr\01.ShadowLightMgr">
      <UniqueIdentifier>{2ea7e636-a640-459b-8952-a54d6bc53653}</UniqueIdentifier>
    </Filter>
    <Filter Include="01.Scene\99.DebugStage\01.StageLDH">
      <UniqueIdentifier>{962761de-71a1-4a1a-9d46-0a8a8149a0ea}</UniqueIdentifier>
    </Filter>
    <Filter Include="01.Scene\99.DebugStage\02.StagePJO">
      <UniqueIdentifier>{c12c083f-6b2d-4435-a817-2e559d054f87}</UniqueIdentifier>
    </Filter>
    <Filter Include="01.Scene\99.DebugStage\03.StageHSY">
      <UniqueIdentifier>{cce7a519-dab0-4b1d-a458-3dc62e3a06ef}</UniqueIdentifier>
    </Filter>
    <Filter Include="99.Etc\SampleObject">
      <UniqueIdentifier>{123f4ddb-5d76-4b1a-b120-3eb2d0c5b1d3}</UniqueIdentifier>
    </Filter>
    <Filter Include="99.Etc\SampleObject\01.RectObject">
      <UniqueIdentifier>{851722c3-688d-47c2-9258-f83785e0772a}</UniqueIdentifier>
    </Filter>
    <Filter Include="99.Etc\SampleObject\02.CubeObject">
      <UniqueIdentifier>{7af8cf58-650d-4246-acac-5d8f4c1df892}</UniqueIdentifier>
    </Filter>
    <Filter Include="99.Etc\SampleObject\03.TerrainObject">
      <UniqueIdentifier>{ef54af93-bffa-4e2a-ae60-069505659442}</UniqueIdentifier>
    </Filter>
    <Filter Include="99.Etc\SampleObject\06.Popori_F">
      <UniqueIdentifier>{c3511f7c-4ce1-4a91-abc0-8f5afd0bef91}</UniqueIdentifier>
    </Filter>
    <Filter Include="99.Etc\SampleObject\07.TextureEffect">
      <UniqueIdentifier>{447913bb-84f9-4c8d-9978-476e7a28c9bf}</UniqueIdentifier>
    </Filter>
    <Filter Include="99.Etc\SampleObject\08.SampleUI">
      <UniqueIdentifier>{2bf9ad56-c327-4202-a8e3-de774ae5b3d0}</UniqueIdentifier>
    </Filter>
    <Filter Include="99.Etc\SampleObject\09.TestPlayer">
      <UniqueIdentifier>{f0f95ad6-bbdd-49d9-bc89-2cca06f27a2b}</UniqueIdentifier>
    </Filter>
    <Filter Include="99.Etc\SampleObject\10.TestOthers">
      <UniqueIdentifier>{6ad99d1c-9bb2-4d7f-806e-99ac48309498}</UniqueIdentifier>
    </Filter>
    <Filter Include="99.Etc\SampleObject\12.TexEffectInstance">
      <UniqueIdentifier>{8127f386-d54a-487e-be8b-709a071ca813}</UniqueIdentifier>
    </Filter>
    <Filter Include="99.Etc\SampleObject\13.TestCollisionObject">
      <UniqueIdentifier>{aee3eebd-2978-42e2-9fe0-891608d742c9}</UniqueIdentifier>
    </Filter>
    <Filter Include="99.Etc\SampleObject\14.DistortionDisk">
      <UniqueIdentifier>{10a08025-d7a0-499a-ba23-d0f26adbe72c}</UniqueIdentifier>
    </Filter>
    <Filter Include="02.GameObject\02.PlayerCharacter">
      <UniqueIdentifier>{30ac5964-93ee-4c7c-bbb1-173e35ff9b0d}</UniqueIdentifier>
    </Filter>
    <Filter Include="02.GameObject\01.Environment\01.StaticMeshObject">
      <UniqueIdentifier>{31a1d126-62e7-4145-a491-71e8b6a01acd}</UniqueIdentifier>
    </Filter>
    <Filter Include="02.GameObject\01.Environment\02.TerrainMeshObject">
      <UniqueIdentifier>{380b6048-fba1-4bfc-9945-5fa540c1c856}</UniqueIdentifier>
    </Filter>
    <Filter Include="99.Etc\SampleObject\15.Monster">
      <UniqueIdentifier>{e73a9a64-5a60-44be-983e-b8815ff5f609}</UniqueIdentifier>
    </Filter>
    <Filter Include="99.Etc\SampleObject\15.Monster\00.Monster_Normal">
      <UniqueIdentifier>{c44468fa-a3be-4d62-a0da-e9371e6bff6d}</UniqueIdentifier>
    </Filter>
    <Filter Include="99.Etc\SampleObject\15.Monster\01.Monster_Chase">
      <UniqueIdentifier>{994676e4-5b5b-4bda-a01c-41800c66e29a}</UniqueIdentifier>
    </Filter>
    <Filter Include="99.Etc\SampleObject\16.SampleNPC">
      <UniqueIdentifier>{846aca4f-d4ab-435e-960c-ddff5ecac35e}</UniqueIdentifier>
    </Filter>
    <Filter Include="99.Etc\SampleObject\17.TestColPlayer">
      <UniqueIdentifier>{c38fbeba-2cfc-4d7e-8c4c-f811a65bad11}</UniqueIdentifier>
    </Filter>
    <Filter Include="99.Etc\SampleObject\18.TestColMonster">
      <UniqueIdentifier>{af8cf5a3-7573-4bee-ae7f-005905d751aa}</UniqueIdentifier>
    </Filter>
    <Filter Include="02.GameObject\99.GameUI">
      <UniqueIdentifier>{b30b9034-b059-4f37-b27b-eaef8067d730}</UniqueIdentifier>
    </Filter>
    <Filter Include="02.GameObject\99.GameUI\01.GameUIChild">
      <UniqueIdentifier>{555091cb-f50e-4c4a-a5f5-521bb05df904}</UniqueIdentifier>
    </Filter>
    <Filter Include="02.GameObject\99.GameUI\01.GameUIChild\00.CharacterClassFrameChild">
      <UniqueIdentifier>{5ed0d699-bd40-49a6-bc6c-1c696fe78735}</UniqueIdentifier>
    </Filter>
    <Filter Include="02.GameObject\99.GameUI\01.GameUIChild\00.CharacterClassFrameChild\CharacterHpGauge">
      <UniqueIdentifier>{f7913948-159f-419e-8367-574ce62397dc}</UniqueIdentifier>
    </Filter>
    <Filter Include="02.GameObject\99.GameUI\01.GameUIChild\00.CharacterClassFrameChild\CharacterMpGauge">
      <UniqueIdentifier>{64e89467-e110-46da-8a5e-4497e69db895}</UniqueIdentifier>
    </Filter>
    <Filter Include="02.GameObject\99.GameUI\00.GameUIRoot">
      <UniqueIdentifier>{1973f2c6-5836-47cb-bd97-d4f5c3e326cf}</UniqueIdentifier>
    </Filter>
    <Filter Include="02.GameObject\99.GameUI\00.GameUIRoot\00.MainMenu">
      <UniqueIdentifier>{520b2294-6849-4ef2-b7c0-c141dbaaa4ce}</UniqueIdentifier>
    </Filter>
    <Filter Include="02.GameObject\99.GameUI\00.GameUIRoot\00.MainMenu\MainMenuEquipment">
      <UniqueIdentifier>{dc3b6a8b-70b1-4f14-a8ee-58ef8bd9f1e5}</UniqueIdentifier>
    </Filter>
    <Filter Include="02.GameObject\99.GameUI\00.GameUIRoot\00.MainMenu\MainMenuSetting">
      <UniqueIdentifier>{0d01a10a-66db-4d61-bb8a-5afb5336c0d2}</UniqueIdentifier>
    </Filter>
    <Filter Include="02.GameObject\99.GameUI\00.GameUIRoot\00.MainMenu\MainMenuLogout">
      <UniqueIdentifier>{4303e244-71b2-48ef-b0e2-198755843a15}</UniqueIdentifier>
    </Filter>
    <Filter Include="02.GameObject\99.GameUI\00.GameUIRoot\00.MainMenu\MainMenuInventory">
      <UniqueIdentifier>{9c82edd5-757a-4969-90b0-4dff9650f064}</UniqueIdentifier>
    </Filter>
    <Filter Include="02.GameObject\02.PlayerCharacter\00.PCGladiator">
      <UniqueIdentifier>{3b49a529-bab1-4a53-9827-4cde6e9b65f7}</UniqueIdentifier>
    </Filter>
    <Filter Include="02.GameObject\02.PlayerCharacter\01.PCArcher">
      <UniqueIdentifier>{1e304c41-821d-4b92-9364-958779beefe7}</UniqueIdentifier>
    </Filter>
    <Filter Include="02.GameObject\02.PlayerCharacter\03.PCPriest">
      <UniqueIdentifier>{6eed4051-b07f-4440-9510-50ef60d1266f}</UniqueIdentifier>
    </Filter>
    <Filter Include="02.GameObject\04.NPC">
      <UniqueIdentifier>{47df4906-7eaf-475a-9510-a7ba998fbd98}</UniqueIdentifier>
    </Filter>
    <Filter Include="02.GameObject\05.Monster">
      <UniqueIdentifier>{3b8e7fab-087e-47c3-9828-af65a341aa00}</UniqueIdentifier>
    </Filter>
    <Filter Include="02.GameObject\05.Monster\00.Crab">
      <UniqueIdentifier>{f52b8195-0115-416c-a1ab-1aa1e413e775}</UniqueIdentifier>
    </Filter>
    <Filter Include="02.GameObject\03.PCWeapon">
      <UniqueIdentifier>{5ab5c278-b452-41c5-9294-cfc9e548abb2}</UniqueIdentifier>
    </Filter>
    <Filter Include="02.GameObject\03.PCWeapon\00.PCWeaponTwoHand">
      <UniqueIdentifier>{e8da9dc5-c8be-4b17-a546-9a5417c3cbc1}</UniqueIdentifier>
    </Filter>
    <Filter Include="02.GameObject\03.PCWeapon\01.PCWeaponBow">
      <UniqueIdentifier>{fb13d691-ea2e-4e07-af00-19ee06ada963}</UniqueIdentifier>
    </Filter>
    <Filter Include="02.GameObject\03.PCWeapon\03.PCWeaponRod">
      <UniqueIdentifier>{ac799807-47db-404f-9962-ec39d0fab803}</UniqueIdentifier>
    </Filter>
    <Filter Include="02.GameObject\05.Monster\01.Monkey">
      <UniqueIdentifier>{619c65d5-6d04-4253-bd5f-839dc09a18a7}</UniqueIdentifier>
    </Filter>
    <Filter Include="98.Header\00.protocol">
      <UniqueIdentifier>{745f0be7-2082-47b9-96f0-48a3569569a1}</UniqueIdentifier>
    </Filter>
    <Filter Include="02.GameObject\05.Monster\02.CloderA">
      <UniqueIdentifier>{bc3c5eac-51e7-4ec7-94fa-47a9d686f3fa}</UniqueIdentifier>
    </Filter>
    <Filter Include="02.GameObject\05.Monster\03.DrownedSailor">
      <UniqueIdentifier>{713aa426-3981-45d9-8771-b82e6792d412}</UniqueIdentifier>
    </Filter>
    <Filter Include="02.GameObject\98.GameEffect">
      <UniqueIdentifier>{9afafac1-18e0-482b-8f50-b6c06c0bf845}</UniqueIdentifier>
    </Filter>
    <Filter Include="02.GameObject\98.GameEffect\01.EffectTrail">
      <UniqueIdentifier>{ecfa5090-5ac4-4c60-8258-468da564ef49}</UniqueIdentifier>
    </Filter>
    <Filter Include="02.GameObject\05.Monster\04.GiantBeetle">
      <UniqueIdentifier>{015b6714-c2a6-4a34-ac83-056edb880e66}</UniqueIdentifier>
    </Filter>
    <Filter Include="02.GameObject\05.Monster\05.GiantMonkey">
      <UniqueIdentifier>{632a9c57-7803-4c3f-8918-3d76c1f4aa9c}</UniqueIdentifier>
    </Filter>
    <Filter Include="02.GameObject\05.Monster\06.CraftyArachne">
      <UniqueIdentifier>{53d529ed-bf47-47fa-bbe1-0542401ebe4e}</UniqueIdentifier>
    </Filter>
    <Filter Include="02.GameObject\06.CollisionTick">
      <UniqueIdentifier>{46392a5c-e300-4239-b145-a33d4fb5620f}</UniqueIdentifier>
    </Filter>
    <Filter Include="01.Scene\03.MainStage">
      <UniqueIdentifier>{af574c80-212e-42e6-9a44-0bbdcdee06c7}</UniqueIdentifier>
    </Filter>
    <Filter Include="02.GameObject\98.GameEffect\00.FadeInOut">
      <UniqueIdentifier>{05a37931-3661-4baf-b15e-ece51ef9d5a9}</UniqueIdentifier>
    </Filter>
    <Filter Include="02.GameObject\01.Environment\03.WaterFall">
      <UniqueIdentifier>{82236fe0-48c1-4b5c-b540-a9426f9e4b58}</UniqueIdentifier>
    </Filter>
    <Filter Include="02.GameObject\07.Portal">
      <UniqueIdentifier>{982850ed-e7b9-4366-90cb-9a04060eef1d}</UniqueIdentifier>
    </Filter>
    <Filter Include="02.GameObject\04.NPC\00.NPC_Walker">
      <UniqueIdentifier>{ceb6f96a-aa02-4edc-bdcb-d213059de653}</UniqueIdentifier>
    </Filter>
    <Filter Include="02.GameObject\98.GameEffect\02.MagicCircle">
      <UniqueIdentifier>{06feade8-b31d-48da-9c1b-00ae2089b752}</UniqueIdentifier>
    </Filter>
    <Filter Include="02.GameObject\04.NPC\03.NPC_Merchant">
      <UniqueIdentifier>{797a3833-9c0a-4991-ae76-60371ebf7e9e}</UniqueIdentifier>
    </Filter>
    <Filter Include="02.GameObject\04.NPC\02.NPC_Stander">
      <UniqueIdentifier>{3973e66e-60c9-4e24-9477-8c6558e6ce19}</UniqueIdentifier>
    </Filter>
    <Filter Include="02.GameObject\04.NPC\01.NPC_Assistant">
      <UniqueIdentifier>{284d1bef-ae2b-4e28-ad8d-0f76db3a4b48}</UniqueIdentifier>
    </Filter>
    <Filter Include="02.GameObject\04.NPC\04.NPC_Quest">
      <UniqueIdentifier>{9ca7aa88-76e5-412d-93de-6cd80b2089c4}</UniqueIdentifier>
    </Filter>
    <Filter Include="02.GameObject\04.NPC\05_NPC_Children">
      <UniqueIdentifier>{6365142f-a91c-48b9-bfb7-6217669dc73f}</UniqueIdentifier>
    </Filter>
    <Filter Include="01.Scene\01.Logo">
      <UniqueIdentifier>{fd93da88-aeef-4df4-a63a-e362f97fa376}</UniqueIdentifier>
    </Filter>
    <Filter Include="01.Scene\01.Logo\00.LogoBack">
      <UniqueIdentifier>{e1830c16-2d13-49f7-8572-3acdd2330b3c}</UniqueIdentifier>
    </Filter>
    <Filter Include="01.Scene\01.Logo\01.LoadingProgressBack">
      <UniqueIdentifier>{3c565417-9667-43d1-b28b-ac56d6c8d6f0}</UniqueIdentifier>
    </Filter>
    <Filter Include="01.Scene\01.Logo\02.LoadingProgress">
      <UniqueIdentifier>{018c85ab-d8f8-4c79-8bba-f142768a3d1c}</UniqueIdentifier>
    </Filter>
    <Filter Include="97.Mgr\02.ServerMath">
      <UniqueIdentifier>{608982b7-5130-4247-b0b0-0a6009ba9f5b}</UniqueIdentifier>
    </Filter>
    <Filter Include="97.Mgr\03.MouseCursorMgr">
      <UniqueIdentifier>{9f593d0a-4f7e-4583-a859-a2cb29f4762e}</UniqueIdentifier>
    </Filter>
    <Filter Include="97.Mgr\04.InstancePoolMgr">
      <UniqueIdentifier>{782ae5d2-11c5-4a86-a19c-e951b3e41635}</UniqueIdentifier>
    </Filter>
    <Filter Include="02.GameObject\98.GameEffect\03.IceStorm">
      <UniqueIdentifier>{4cb4476f-b756-48eb-8227-1c7d07a5bc6b}</UniqueIdentifier>
    </Filter>
    <Filter Include="02.GameObject\98.GameEffect\04.SnowParticle">
      <UniqueIdentifier>{691bb138-03bb-450c-995b-db0741417389}</UniqueIdentifier>
    </Filter>
    <Filter Include="02.GameObject\98.GameEffect\99.PublicEffect">
      <UniqueIdentifier>{fb5fb213-d064-4e7c-a9de-a75415cf0ac5}</UniqueIdentifier>
    </Filter>
    <Filter Include="02.GameObject\06.CollisionTick\CollisionArrow">
      <UniqueIdentifier>{8bd63b4d-5072-480e-9815-16e73e952294}</UniqueIdentifier>
    </Filter>
    <Filter Include="02.GameObject\98.GameEffect\05.Lighting">
      <UniqueIdentifier>{ea37fa43-c69a-4efb-8fad-fdab1f293ae2}</UniqueIdentifier>
    </Filter>
    <Filter Include="97.Mgr\05.EffectMgr">
      <UniqueIdentifier>{104916ed-3ae9-40bf-a7f1-3b04b65fd7c6}</UniqueIdentifier>
    </Filter>
  </ItemGroup>
  <ItemGroup>
    <ClInclude Include="Client.h">
      <Filter>99.Etc</Filter>
    </ClInclude>
    <ClInclude Include="Resource.h">
      <Filter>99.Etc</Filter>
    </ClInclude>
    <ClInclude Include="targetver.h">
      <Filter>99.Etc</Filter>
    </ClInclude>
    <ClInclude Include="..\Header\Include.h">
      <Filter>98.Header</Filter>
    </ClInclude>
    <ClInclude Include="..\Header\Macro.h">
      <Filter>98.Header</Filter>
    </ClInclude>
    <ClInclude Include="..\Header\Typedef.h">
      <Filter>98.Header</Filter>
    </ClInclude>
    <ClInclude Include="..\Header\Const.h">
      <Filter>98.Header</Filter>
    </ClInclude>
    <ClInclude Include="..\Code\MainApp.h">
      <Filter>00.MainApp</Filter>
    </ClInclude>
    <ClInclude Include="..\Header\Extern.h">
      <Filter>98.Header</Filter>
    </ClInclude>
    <ClInclude Include="..\Header\Struct.h">
      <Filter>98.Header</Filter>
    </ClInclude>
    <ClInclude Include="..\Code\Scene_Logo.h">
      <Filter>01.Scene\01.Logo</Filter>
    </ClInclude>
    <ClInclude Include="..\Code\Scene_Menu.h">
      <Filter>01.Scene\02.Menu</Filter>
    </ClInclude>
    <ClInclude Include="..\Code\CubeObject.h">
      <Filter>99.Etc\SampleObject\02.CubeObject</Filter>
    </ClInclude>
    <ClInclude Include="..\Code\RectObject.h">
      <Filter>99.Etc\SampleObject\01.RectObject</Filter>
    </ClInclude>
    <ClInclude Include="..\Code\Loading.h">
      <Filter>01.Scene\00.Loading</Filter>
    </ClInclude>
    <ClInclude Include="..\Code\TerrainObject.h">
      <Filter>99.Etc\SampleObject\03.TerrainObject</Filter>
    </ClInclude>
    <ClInclude Include="..\Code\Popori_F.h">
      <Filter>99.Etc\SampleObject\06.Popori_F</Filter>
    </ClInclude>
    <ClInclude Include="..\Code\TextureEffect.h">
      <Filter>99.Etc\SampleObject\07.TextureEffect</Filter>
    </ClInclude>
    <ClInclude Include="..\Code\SkyBox.h">
      <Filter>02.GameObject\01.Environment\00.SkyBox</Filter>
    </ClInclude>
    <ClInclude Include="..\Code\DynamicCamera.h">
      <Filter>96.Camera\01.DynamicCamera</Filter>
    </ClInclude>
    <ClInclude Include="..\Code\DebugCamera.h">
      <Filter>96.Camera\00.DebugCamera</Filter>
    </ClInclude>
    <ClInclude Include="..\Code\LogoBack.h">
      <Filter>01.Scene\01.Logo\00.LogoBack</Filter>
    </ClInclude>
    <ClInclude Include="stdafx.h">
      <Filter>99.Etc</Filter>
    </ClInclude>
    <ClInclude Include="..\Code\StageLDH.h">
      <Filter>01.Scene\99.DebugStage\01.StageLDH</Filter>
    </ClInclude>
    <ClInclude Include="..\Code\StagePJO.h">
      <Filter>01.Scene\99.DebugStage\02.StagePJO</Filter>
    </ClInclude>
    <ClInclude Include="..\Code\StageHSY.h">
      <Filter>01.Scene\99.DebugStage\03.StageHSY</Filter>
    </ClInclude>
    <ClInclude Include="..\Code\ShadowLightMgr.h">
      <Filter>97.Mgr\01.ShadowLightMgr</Filter>
    </ClInclude>
    <ClInclude Include="..\Code\LoadingProgressBack.h">
      <Filter>01.Scene\01.Logo\01.LoadingProgressBack</Filter>
    </ClInclude>
    <ClInclude Include="..\Code\LoadingProgress.h">
      <Filter>01.Scene\01.Logo\02.LoadingProgress</Filter>
    </ClInclude>
    <ClInclude Include="..\Code\Scene_MainStage.h">
      <Filter>01.Scene\03.MainStage</Filter>
    </ClInclude>
    <ClInclude Include="..\Code\DistortionDisk.h" />
    <ClInclude Include="..\Code\TextureDistortion.h">
      <Filter>99.Etc\SampleObject\07.TextureEffect</Filter>
    </ClInclude>
    <ClInclude Include="..\Code\PacketMgr.h">
      <Filter>97.Mgr\00.PacketMgr</Filter>
    </ClInclude>
    <ClInclude Include="..\Header\enum.h">
      <Filter>98.Header</Filter>
    </ClInclude>
    <ClInclude Include="..\Code\TexEffectInstance.h">
      <Filter>99.Etc\SampleObject\12.TexEffectInstance</Filter>
    </ClInclude>
    <ClInclude Include="..\Code\TexDistortionInstance.h">
      <Filter>99.Etc\SampleObject\12.TexEffectInstance</Filter>
    </ClInclude>
    <ClInclude Include="..\Code\TestCollisonObject.h">
      <Filter>99.Etc\SampleObject\13.TestCollisionObject</Filter>
    </ClInclude>
    <ClInclude Include="..\Code\NPC_Merchant.h">
      <Filter>02.GameObject\04.NPC\03.NPC_Merchant</Filter>
    </ClInclude>
    <ClInclude Include="..\Code\DistortionDisk.h">
      <Filter>99.Etc\SampleObject\14.DistortionDisk</Filter>
    </ClInclude>
    <ClInclude Include="..\Code\PacketMgr.h">
      <Filter>97.Mgr\00.PacketMgr</Filter>
    </ClInclude>
    <ClInclude Include="..\Code\GameUIChild.h">
      <Filter>02.GameObject\99.GameUI\01.GameUIChild</Filter>
    </ClInclude>
    <ClInclude Include="..\Code\GameUIRoot.h">
      <Filter>02.GameObject\99.GameUI\00.GameUIRoot</Filter>
    </ClInclude>
    <ClInclude Include="..\Code\CharacterHpGauge.h">
      <Filter>02.GameObject\99.GameUI\01.GameUIChild\00.CharacterClassFrameChild\CharacterHpGauge</Filter>
    </ClInclude>
    <ClInclude Include="..\Header\enum.h">
      <Filter>98.Header</Filter>
    </ClInclude>
    <ClInclude Include="..\Code\CharacterMpGauge.h">
      <Filter>02.GameObject\99.GameUI\01.GameUIChild\00.CharacterClassFrameChild\CharacterMpGauge</Filter>
    </ClInclude>
    <ClInclude Include="..\Code\MainMenuLogout.h">
      <Filter>02.GameObject\99.GameUI\00.GameUIRoot\00.MainMenu\MainMenuLogout</Filter>
    </ClInclude>
    <ClInclude Include="..\Code\MainMenuSetting.h">
      <Filter>02.GameObject\99.GameUI\00.GameUIRoot\00.MainMenu\MainMenuSetting</Filter>
    </ClInclude>
    <ClInclude Include="..\Code\MainMenuInventory.h">
      <Filter>02.GameObject\99.GameUI\00.GameUIRoot\00.MainMenu\MainMenuInventory</Filter>
    </ClInclude>
    <ClInclude Include="..\Code\MainMenuEquipment.h">
      <Filter>02.GameObject\99.GameUI\00.GameUIRoot\00.MainMenu\MainMenuEquipment</Filter>
    </ClInclude>
    <ClInclude Include="..\Code\MouseCursorMgr.h">
      <Filter>97.Mgr\03.MouseCursorMgr</Filter>
    </ClInclude>
    <ClInclude Include="..\Code\TestOthers.h" />
    <ClInclude Include="..\Code\TestPlayer.h" />
    <ClInclude Include="..\Code\TestOthers.h">
      <Filter>99.Etc\SampleObject\10.TestOthers</Filter>
    </ClInclude>
    <ClInclude Include="..\Code\TestPlayer.h">
      <Filter>99.Etc\SampleObject\09.TestPlayer</Filter>
    </ClInclude>
    <ClInclude Include="..\Code\Monster_Normal.h">
      <Filter>99.Etc\SampleObject\15.Monster\00.Monster_Normal</Filter>
    </ClInclude>
    <ClInclude Include="..\Code\SampleNPC.h">
      <Filter>99.Etc\SampleObject\16.SampleNPC</Filter>
    </ClInclude>
    <ClInclude Include="..\Code\TestColPlayer.h">
      <Filter>99.Etc\SampleObject\17.TestColPlayer</Filter>
    </ClInclude>
    <ClInclude Include="..\Code\TestColMonster.h">
      <Filter>99.Etc\SampleObject\18.TestColMonster</Filter>
    </ClInclude>
    <ClInclude Include="..\Code\PCGladiator.h">
      <Filter>02.GameObject\02.PlayerCharacter\00.PCGladiator</Filter>
    </ClInclude>
    <ClInclude Include="..\Code\WaterMeshObject.h">
      <Filter>02.GameObject\01.Environment\02.TerrainMeshObject</Filter>
    </ClInclude>
    <ClInclude Include="..\Code\TerrainMeshObject.h">
      <Filter>02.GameObject\01.Environment\02.TerrainMeshObject</Filter>
    </ClInclude>
    <ClInclude Include="..\Code\Crab.h">
      <Filter>02.GameObject\05.Monster\00.Crab</Filter>
    </ClInclude>
    <ClInclude Include="..\Code\PCWeapon.h">
      <Filter>02.GameObject\03.PCWeapon</Filter>
    </ClInclude>
    <ClInclude Include="..\Code\PCWeaponTwoHand.h">
      <Filter>02.GameObject\03.PCWeapon\00.PCWeaponTwoHand</Filter>
    </ClInclude>
    <ClInclude Include="..\Code\Monkey.h">
      <Filter>02.GameObject\05.Monster\01.Monkey</Filter>
    </ClInclude>
    <ClInclude Include="..\..\..\FrameServer\Server\Header\protocol.h">
      <Filter>98.Header\00.protocol</Filter>
    </ClInclude>
    <ClInclude Include="..\..\..\FrameServer\Server\Header\MonsterAnimation.h">
      <Filter>98.Header\00.protocol</Filter>
    </ClInclude>
    <ClInclude Include="..\..\..\FrameServer\Server\Header\PCWeaponType.h">
      <Filter>98.Header\00.protocol</Filter>
    </ClInclude>
    <ClInclude Include="..\Code\PCOthersGladiator.h">
      <Filter>02.GameObject\02.PlayerCharacter\00.PCGladiator</Filter>
    </ClInclude>
    <ClInclude Include="..\Code\CloderA.h">
      <Filter>02.GameObject\05.Monster\02.CloderA</Filter>
    </ClInclude>
    <ClInclude Include="..\Header\Template.h">
      <Filter>98.Header</Filter>
    </ClInclude>
    <ClInclude Include="..\Header\GladiatorAnimation.h">
      <Filter>02.GameObject\02.PlayerCharacter\00.PCGladiator</Filter>
    </ClInclude>
    <ClInclude Include="..\Code\DrownedSailor.h">
      <Filter>02.GameObject\05.Monster\03.DrownedSailor</Filter>
    </ClInclude>
    <ClInclude Include="..\Code\EffectTrail.h">
      <Filter>02.GameObject\98.GameEffect\01.EffectTrail</Filter>
    </ClInclude>
    <ClInclude Include="..\Code\GiantBeetle.h">
      <Filter>02.GameObject\05.Monster\04.GiantBeetle</Filter>
    </ClInclude>
    <ClInclude Include="..\Code\GiantMonkey.h">
      <Filter>02.GameObject\05.Monster\05.GiantMonkey</Filter>
    </ClInclude>
    <ClInclude Include="..\Code\CraftyArachne.h">
      <Filter>02.GameObject\05.Monster\06.CraftyArachne</Filter>
    </ClInclude>
    <ClInclude Include="..\Code\CollisionTick.h">
      <Filter>02.GameObject\06.CollisionTick</Filter>
    </ClInclude>
    <ClInclude Include="..\Code\InstancePoolMgr.h">
      <Filter>97.Mgr\04.InstancePoolMgr</Filter>
    </ClInclude>
    <ClInclude Include="..\Code\StaticMeshObject.h">
      <Filter>02.GameObject\01.Environment\01.StaticMeshObject</Filter>
    </ClInclude>
    <ClInclude Include="..\..\..\FrameServer\Server\Header\NPCAnimation.h">
      <Filter>98.Header\00.protocol</Filter>
    </ClInclude>
    <ClInclude Include="..\Code\FadeInOut.h">
      <Filter>02.GameObject\98.GameEffect\00.FadeInOut</Filter>
    </ClInclude>
    <ClInclude Include="..\Code\WaterFall.h">
      <Filter>02.GameObject\01.Environment\03.WaterFall</Filter>
    </ClInclude>
    <ClInclude Include="..\Code\Portal.h">
      <Filter>02.GameObject\07.Portal</Filter>
    </ClInclude>
    <ClInclude Include="..\Code\NPC_Walker.h">
      <Filter>02.GameObject\04.NPC\00.NPC_Walker</Filter>
    </ClInclude>
    <ClInclude Include="..\Code\MagicCircle.h">
      <Filter>02.GameObject\98.GameEffect\02.MagicCircle</Filter>
    </ClInclude>
    <ClInclude Include="..\Code\NPC_Stander.h">
      <Filter>02.GameObject\04.NPC\02.NPC_Stander</Filter>
    </ClInclude>
    <ClInclude Include="..\Code\NPC_Assistant.h">
      <Filter>02.GameObject\04.NPC\01.NPC_Assistant</Filter>
    </ClInclude>
    <ClInclude Include="..\Code\NPC_Quest.h">
      <Filter>02.GameObject\04.NPC\04.NPC_Quest</Filter>
    </ClInclude>
    <ClInclude Include="..\Code\NPC_Children.h">
      <Filter>02.GameObject\04.NPC\05_NPC_Children</Filter>
    </ClInclude>
    <ClInclude Include="..\Code\ServerMath.h" />
    <ClInclude Include="..\Code\IceStorm.h">
      <Filter>02.GameObject\98.GameEffect\03.IceStorm</Filter>
    </ClInclude>
    <ClInclude Include="..\Code\SnowParticle.h">
      <Filter>02.GameObject\98.GameEffect\04.SnowParticle</Filter>
    </ClInclude>
    <ClInclude Include="..\Code\PublicPlane.h">
      <Filter>02.GameObject\98.GameEffect\99.PublicEffect</Filter>
    </ClInclude>
    <ClInclude Include="..\Code\PublicSphere.h">
      <Filter>02.GameObject\98.GameEffect\99.PublicEffect</Filter>
    </ClInclude>
    <ClInclude Include="..\Code\RainDrop.h">
      <Filter>02.GameObject\98.GameEffect\99.PublicEffect</Filter>
    </ClInclude>
    <ClInclude Include="..\Code\SwordTrail.h">
      <Filter>02.GameObject\98.GameEffect\99.PublicEffect</Filter>
    </ClInclude>
    <ClInclude Include="..\Header\ArcherAnimation.h">
      <Filter>02.GameObject\02.PlayerCharacter\01.PCArcher</Filter>
    </ClInclude>
    <ClInclude Include="..\Header\PriestAnimation.h">
      <Filter>02.GameObject\02.PlayerCharacter\03.PCPriest</Filter>
    </ClInclude>
    <ClInclude Include="..\Code\PCArcher.h">
      <Filter>02.GameObject\02.PlayerCharacter\01.PCArcher</Filter>
    </ClInclude>
    <ClInclude Include="..\Code\PCPriest.h">
      <Filter>02.GameObject\02.PlayerCharacter\03.PCPriest</Filter>
    </ClInclude>
    <ClInclude Include="..\Code\PCWeaponBow.h">
      <Filter>02.GameObject\03.PCWeapon\01.PCWeaponBow</Filter>
    </ClInclude>
    <ClInclude Include="..\Code\ServerMath.h">
      <Filter>97.Mgr\02.ServerMath</Filter>
    </ClInclude>
    <ClInclude Include="..\Code\PCOthersArcher.h">
      <Filter>02.GameObject\02.PlayerCharacter\01.PCArcher</Filter>
    </ClInclude>
    <ClInclude Include="..\Code\PCWeaponRod.h">
      <Filter>02.GameObject\03.PCWeapon\03.PCWeaponRod</Filter>
    </ClInclude>
    <ClInclude Include="..\Code\PCOthersPriest.h">
      <Filter>02.GameObject\02.PlayerCharacter\03.PCPriest</Filter>
    </ClInclude>
    <ClInclude Include="..\Code\CollisionArrow.h">
      <Filter>02.GameObject\06.CollisionTick\CollisionArrow</Filter>
    </ClInclude>
    <ClInclude Include="..\Code\ArrowDecal.h" />
    <ClInclude Include="..\Code\FireDecal.h" />
    <ClInclude Include="..\Code\Glowring.h" />
    <ClInclude Include="..\Code\IceStorm_s.h" />
    <ClInclude Include="..\Code\LightingParticle.h">
      <Filter>02.GameObject\98.GameEffect\05.Lighting</Filter>
    </ClInclude>
    <ClInclude Include="..\Code\DistTrail.h">
      <Filter>02.GameObject\98.GameEffect\99.PublicEffect</Filter>
    </ClInclude>
    <ClInclude Include="..\Code\EffectMgr.h">
      <Filter>97.Mgr\05.EffectMgr</Filter>
    </ClInclude>
  </ItemGroup>
  <ItemGroup>
    <ClCompile Include="Client.cpp">
      <Filter>99.Etc</Filter>
    </ClCompile>
    <ClCompile Include="stdafx.cpp">
      <Filter>99.Etc</Filter>
    </ClCompile>
    <ClCompile Include="..\Code\MainApp.cpp">
      <Filter>00.MainApp</Filter>
    </ClCompile>
    <ClCompile Include="..\Code\Scene_Logo.cpp">
      <Filter>01.Scene\01.Logo</Filter>
    </ClCompile>
    <ClCompile Include="..\Code\Scene_Menu.cpp">
      <Filter>01.Scene\02.Menu</Filter>
    </ClCompile>
    <ClCompile Include="..\Code\CubeObject.cpp">
      <Filter>99.Etc\SampleObject\02.CubeObject</Filter>
    </ClCompile>
    <ClCompile Include="..\Code\RectObject.cpp">
      <Filter>99.Etc\SampleObject\01.RectObject</Filter>
    </ClCompile>
    <ClCompile Include="..\Code\Loading.cpp">
      <Filter>01.Scene\00.Loading</Filter>
    </ClCompile>
    <ClCompile Include="..\Code\TerrainObject.cpp">
      <Filter>99.Etc\SampleObject\03.TerrainObject</Filter>
    </ClCompile>
    <ClCompile Include="..\Code\Popori_F.cpp">
      <Filter>99.Etc\SampleObject\06.Popori_F</Filter>
    </ClCompile>
    <ClCompile Include="..\Code\TextureEffect.cpp">
      <Filter>99.Etc\SampleObject\07.TextureEffect</Filter>
    </ClCompile>
    <ClCompile Include="..\Code\SkyBox.cpp">
      <Filter>02.GameObject\01.Environment\00.SkyBox</Filter>
    </ClCompile>
    <ClCompile Include="..\Code\DynamicCamera.cpp">
      <Filter>96.Camera\01.DynamicCamera</Filter>
    </ClCompile>
    <ClCompile Include="..\Code\DebugCamera.cpp">
      <Filter>96.Camera\00.DebugCamera</Filter>
    </ClCompile>
    <ClCompile Include="..\Code\LogoBack.cpp">
      <Filter>01.Scene\01.Logo\00.LogoBack</Filter>
    </ClCompile>
    <ClCompile Include="..\Code\StageLDH.cpp">
      <Filter>01.Scene\99.DebugStage\01.StageLDH</Filter>
    </ClCompile>
    <ClCompile Include="..\Code\StagePJO.cpp">
      <Filter>01.Scene\99.DebugStage\02.StagePJO</Filter>
    </ClCompile>
    <ClCompile Include="..\Code\StageHSY.cpp">
      <Filter>01.Scene\99.DebugStage\03.StageHSY</Filter>
    </ClCompile>
    <ClCompile Include="..\Code\ShadowLightMgr.cpp">
      <Filter>97.Mgr\01.ShadowLightMgr</Filter>
    </ClCompile>
    <ClCompile Include="..\Code\LoadingProgressBack.cpp">
      <Filter>01.Scene\01.Logo\01.LoadingProgressBack</Filter>
    </ClCompile>
    <ClCompile Include="..\Code\LoadingProgress.cpp">
      <Filter>01.Scene\01.Logo\02.LoadingProgress</Filter>
    </ClCompile>
    <ClCompile Include="..\Code\Scene_MainStage.cpp">
      <Filter>01.Scene\03.MainStage</Filter>
    </ClCompile>
    <ClCompile Include="..\Code\DistortionDisk.cpp" />
    <ClCompile Include="..\Code\TextureDistortion.cpp">
      <Filter>99.Etc\SampleObject\07.TextureEffect</Filter>
    </ClCompile>
    <ClCompile Include="..\Code\PacketMgr.cpp">
      <Filter>97.Mgr\00.PacketMgr</Filter>
    </ClCompile>
    <ClCompile Include="..\Code\TexEffectInstance.cpp">
      <Filter>99.Etc\SampleObject\12.TexEffectInstance</Filter>
    </ClCompile>
    <ClCompile Include="..\Code\TexDistortionInstance.cpp">
      <Filter>99.Etc\SampleObject\12.TexEffectInstance</Filter>
    </ClCompile>
    <ClCompile Include="..\Code\TestCollisonObject.cpp">
      <Filter>99.Etc\SampleObject\13.TestCollisionObject</Filter>
    </ClCompile>
    <ClCompile Include="..\Code\NPC_Merchant.cpp">
      <Filter>02.GameObject\04.NPC\03.NPC_Merchant</Filter>
    </ClCompile>
    <ClCompile Include="..\Code\DistortionDisk.cpp">
      <Filter>99.Etc\SampleObject\14.DistortionDisk</Filter>
    </ClCompile>
    <ClCompile Include="..\Code\PacketMgr.cpp">
      <Filter>97.Mgr\00.PacketMgr</Filter>
    </ClCompile>
    <ClCompile Include="..\Code\GameUIChild.cpp">
      <Filter>02.GameObject\99.GameUI\01.GameUIChild</Filter>
    </ClCompile>
    <ClCompile Include="..\Code\GameUIRoot.cpp">
      <Filter>02.GameObject\99.GameUI\00.GameUIRoot</Filter>
    </ClCompile>
    <ClCompile Include="..\Code\CharacterHpGauge.cpp">
      <Filter>02.GameObject\99.GameUI\01.GameUIChild\00.CharacterClassFrameChild\CharacterHpGauge</Filter>
    </ClCompile>
    <ClCompile Include="..\Code\CharacterMpGauge.cpp">
      <Filter>02.GameObject\99.GameUI\01.GameUIChild\00.CharacterClassFrameChild\CharacterMpGauge</Filter>
    </ClCompile>
    <ClCompile Include="..\Code\MainMenuLogout.cpp">
      <Filter>02.GameObject\99.GameUI\00.GameUIRoot\00.MainMenu\MainMenuLogout</Filter>
    </ClCompile>
    <ClCompile Include="..\Code\MainMenuSetting.cpp">
      <Filter>02.GameObject\99.GameUI\00.GameUIRoot\00.MainMenu\MainMenuSetting</Filter>
    </ClCompile>
    <ClCompile Include="..\Code\MainMenuInventory.cpp">
      <Filter>02.GameObject\99.GameUI\00.GameUIRoot\00.MainMenu\MainMenuInventory</Filter>
    </ClCompile>
    <ClCompile Include="..\Code\MainMenuEquipment.cpp">
      <Filter>02.GameObject\99.GameUI\00.GameUIRoot\00.MainMenu\MainMenuEquipment</Filter>
    </ClCompile>
    <ClCompile Include="..\Code\MouseCursorMgr.cpp">
      <Filter>97.Mgr\03.MouseCursorMgr</Filter>
    </ClCompile>
    <ClCompile Include="..\Code\TestOthers.cpp" />
    <ClCompile Include="..\Code\TestPlayer.cpp" />
    <ClCompile Include="..\Code\TestOthers.cpp">
      <Filter>99.Etc\SampleObject\10.TestOthers</Filter>
    </ClCompile>
    <ClCompile Include="..\Code\TestPlayer.cpp">
      <Filter>99.Etc\SampleObject\09.TestPlayer</Filter>
    </ClCompile>
    <ClCompile Include="..\Code\Monster_Normal.cpp">
      <Filter>99.Etc\SampleObject\15.Monster\00.Monster_Normal</Filter>
    </ClCompile>
    <ClCompile Include="..\Code\SampleNPC.cpp">
      <Filter>99.Etc\SampleObject\16.SampleNPC</Filter>
    </ClCompile>
    <ClCompile Include="..\Code\TestColPlayer.cpp">
      <Filter>99.Etc\SampleObject\17.TestColPlayer</Filter>
    </ClCompile>
    <ClCompile Include="..\Code\TestColMonster.cpp">
      <Filter>99.Etc\SampleObject\18.TestColMonster</Filter>
    </ClCompile>
    <ClCompile Include="..\Code\PCGladiator.cpp">
      <Filter>02.GameObject\02.PlayerCharacter\00.PCGladiator</Filter>
    </ClCompile>
    <ClCompile Include="..\Code\WaterMeshObject.cpp">
      <Filter>02.GameObject\01.Environment\02.TerrainMeshObject</Filter>
    </ClCompile>
    <ClCompile Include="..\Code\TerrainMeshObject.cpp">
      <Filter>02.GameObject\01.Environment\02.TerrainMeshObject</Filter>
    </ClCompile>
    <ClCompile Include="..\Code\Crab.cpp">
      <Filter>02.GameObject\05.Monster\00.Crab</Filter>
    </ClCompile>
    <ClCompile Include="..\Code\PCWeapon.cpp">
      <Filter>02.GameObject\03.PCWeapon</Filter>
    </ClCompile>
    <ClCompile Include="..\Code\PCWeaponTwoHand.cpp">
      <Filter>02.GameObject\03.PCWeapon\00.PCWeaponTwoHand</Filter>
    </ClCompile>
    <ClCompile Include="..\Code\Monkey.cpp">
      <Filter>02.GameObject\05.Monster\01.Monkey</Filter>
    </ClCompile>
    <ClCompile Include="..\Code\PCOthersGladiator.cpp">
      <Filter>02.GameObject\02.PlayerCharacter\00.PCGladiator</Filter>
    </ClCompile>
    <ClCompile Include="..\Code\CloderA.cpp">
      <Filter>02.GameObject\05.Monster\02.CloderA</Filter>
    </ClCompile>
    <ClCompile Include="..\Code\DrownedSailor.cpp">
      <Filter>02.GameObject\05.Monster\03.DrownedSailor</Filter>
    </ClCompile>
    <ClCompile Include="..\Code\EffectTrail.cpp">
      <Filter>02.GameObject\98.GameEffect\01.EffectTrail</Filter>
    </ClCompile>
    <ClCompile Include="..\Code\GiantBeetle.cpp">
      <Filter>02.GameObject\05.Monster\04.GiantBeetle</Filter>
    </ClCompile>
    <ClCompile Include="..\Code\GiantMonkey.cpp">
      <Filter>02.GameObject\05.Monster\05.GiantMonkey</Filter>
    </ClCompile>
    <ClCompile Include="..\Code\CraftyArachne.cpp">
      <Filter>02.GameObject\05.Monster\06.CraftyArachne</Filter>
    </ClCompile>
    <ClCompile Include="..\Code\CollisionTick.cpp">
      <Filter>02.GameObject\06.CollisionTick</Filter>
    </ClCompile>
    <ClCompile Include="..\Code\InstancePoolMgr.cpp">
      <Filter>97.Mgr\04.InstancePoolMgr</Filter>
    </ClCompile>
    <ClCompile Include="..\Code\StaticMeshObject.cpp">
      <Filter>02.GameObject\01.Environment\01.StaticMeshObject</Filter>
    </ClCompile>
    <ClCompile Include="..\Code\FadeInOut.cpp">
      <Filter>02.GameObject\98.GameEffect\00.FadeInOut</Filter>
    </ClCompile>
    <ClCompile Include="..\Code\WaterFall.cpp">
      <Filter>02.GameObject\01.Environment\03.WaterFall</Filter>
    </ClCompile>
    <ClCompile Include="..\Code\Portal.cpp">
      <Filter>02.GameObject\07.Portal</Filter>
    </ClCompile>
    <ClCompile Include="..\Code\NPC_Walker.cpp">
      <Filter>02.GameObject\04.NPC\00.NPC_Walker</Filter>
    </ClCompile>
    <ClCompile Include="..\Code\MagicCircle.cpp">
      <Filter>02.GameObject\98.GameEffect\02.MagicCircle</Filter>
    </ClCompile>
    <ClCompile Include="..\Code\NPC_Stander.cpp">
      <Filter>02.GameObject\04.NPC\02.NPC_Stander</Filter>
    </ClCompile>
    <ClCompile Include="..\Code\NPC_Assistant.cpp">
      <Filter>02.GameObject\04.NPC\01.NPC_Assistant</Filter>
    </ClCompile>
    <ClCompile Include="..\Code\NPC_Quest.cpp">
      <Filter>02.GameObject\04.NPC\04.NPC_Quest</Filter>
    </ClCompile>
    <ClCompile Include="..\Code\NPC_Children.cpp">
      <Filter>02.GameObject\04.NPC\05_NPC_Children</Filter>
    </ClCompile>
    <ClCompile Include="..\Code\ServerMath.cpp" />
    <ClCompile Include="..\Code\IceStorm.cpp">
      <Filter>02.GameObject\98.GameEffect\03.IceStorm</Filter>
    </ClCompile>
    <ClCompile Include="..\Code\SnowParticle.cpp">
      <Filter>02.GameObject\98.GameEffect\04.SnowParticle</Filter>
    </ClCompile>
    <ClCompile Include="..\Code\PublicPlane.cpp">
      <Filter>02.GameObject\98.GameEffect\99.PublicEffect</Filter>
    </ClCompile>
    <ClCompile Include="..\Code\PublicSphere.cpp">
      <Filter>02.GameObject\98.GameEffect\99.PublicEffect</Filter>
    </ClCompile>
    <ClCompile Include="..\Code\RainDrop.cpp">
      <Filter>02.GameObject\98.GameEffect\99.PublicEffect</Filter>
    </ClCompile>
    <ClCompile Include="..\Code\SwordTrail.cpp">
      <Filter>02.GameObject\98.GameEffect\99.PublicEffect</Filter>
    </ClCompile>
    <ClCompile Include="..\Code\PCArcher.cpp">
      <Filter>02.GameObject\02.PlayerCharacter\01.PCArcher</Filter>
    </ClCompile>
    <ClCompile Include="..\Code\PCPriest.cpp">
      <Filter>02.GameObject\02.PlayerCharacter\03.PCPriest</Filter>
    </ClCompile>
    <ClCompile Include="..\Code\PCWeaponBow.cpp">
      <Filter>02.GameObject\03.PCWeapon\01.PCWeaponBow</Filter>
    </ClCompile>
    <ClCompile Include="..\Code\ServerMath.cpp">
      <Filter>97.Mgr\02.ServerMath</Filter>
    </ClCompile>
    <ClCompile Include="..\Code\PCOthersArcher.cpp">
      <Filter>02.GameObject\02.PlayerCharacter\01.PCArcher</Filter>
    </ClCompile>
    <ClCompile Include="..\Code\PCWeaponRod.cpp">
      <Filter>02.GameObject\03.PCWeapon\03.PCWeaponRod</Filter>
    </ClCompile>
    <ClCompile Include="..\Code\PCOthersPriest.cpp">
      <Filter>02.GameObject\02.PlayerCharacter\03.PCPriest</Filter>
    </ClCompile>
    <ClCompile Include="..\Code\CollisionArrow.cpp">
      <Filter>02.GameObject\06.CollisionTick\CollisionArrow</Filter>
    </ClCompile>
    <ClCompile Include="..\Code\ArrowDecal.cpp" />
    <ClCompile Include="..\Code\FireDecal.cpp" />
    <ClCompile Include="..\Code\Glowring.cpp" />
    <ClCompile Include="..\Code\IceStorm_s.cpp" />
    <ClCompile Include="..\Code\LightingParticle.cpp">
      <Filter>02.GameObject\98.GameEffect\05.Lighting</Filter>
    </ClCompile>
    <ClCompile Include="..\Code\DistTrail.cpp">
      <Filter>02.GameObject\98.GameEffect\99.PublicEffect</Filter>
    </ClCompile>
    <ClCompile Include="..\Code\EffectMgr.cpp">
      <Filter>97.Mgr\05.EffectMgr</Filter>
    </ClCompile>
  </ItemGroup>
  <ItemGroup>
    <Image Include="Client.ico">
      <Filter>99.Etc</Filter>
    </Image>
    <Image Include="small.ico">
      <Filter>99.Etc</Filter>
    </Image>
  </ItemGroup>
  <ItemGroup>
    <ResourceCompile Include="Client.rc">
      <Filter>99.Etc</Filter>
    </ResourceCompile>
  </ItemGroup>
  <ItemGroup>
    <None Include="cpp.hint" />
  </ItemGroup>
</Project>