<?xml version="1.0" encoding="utf-8"?>
<Project ToolsVersion="4.0" xmlns="http://schemas.microsoft.com/developer/msbuild/2003">
  <ItemGroup>
    <Filter Include="99.Etc">
      <UniqueIdentifier>{e427639d-e918-4a32-949d-9561326119a4}</UniqueIdentifier>
    </Filter>
    <Filter Include="98.Header">
      <UniqueIdentifier>{6f905f50-11c2-45a4-91f5-7c78a86264b1}</UniqueIdentifier>
    </Filter>
    <Filter Include="00.MainApp">
      <UniqueIdentifier>{d44c419a-06e7-4459-aa0b-865fac6ecdc9}</UniqueIdentifier>
    </Filter>
    <Filter Include="97.Mgr">
      <UniqueIdentifier>{27876c48-0016-46b3-87e1-89e8fb599f1a}</UniqueIdentifier>
    </Filter>
    <Filter Include="01.Scene">
      <UniqueIdentifier>{256c4ed2-d49e-45f9-a77a-d6dfb12066fc}</UniqueIdentifier>
    </Filter>
    <Filter Include="02.GameObject">
      <UniqueIdentifier>{ca6f4b3b-0852-42ed-89f9-fb933331dd10}</UniqueIdentifier>
    </Filter>
    <Filter Include="02.GameObject\01.Environment">
      <UniqueIdentifier>{c032b6d9-f4d5-4740-9507-36a2e633f142}</UniqueIdentifier>
    </Filter>
    <Filter Include="01.Scene\02.Menu">
      <UniqueIdentifier>{51fd0ff7-39a3-4557-b9b9-cc8eb69fb283}</UniqueIdentifier>
    </Filter>
    <Filter Include="01.Scene\01.Logo">
      <UniqueIdentifier>{fd93da88-aeef-4df4-a63a-e362f97fa376}</UniqueIdentifier>
    </Filter>
    <Filter Include="01.Scene\03.Stage">
      <UniqueIdentifier>{af574c80-212e-42e6-9a44-0bbdcdee06c7}</UniqueIdentifier>
    </Filter>
    <Filter Include="96.Camera">
      <UniqueIdentifier>{fd951fef-76fb-4e49-bf03-6a0843ab4a01}</UniqueIdentifier>
    </Filter>
    <Filter Include="01.Scene\00.Loading">
      <UniqueIdentifier>{414ce8cb-454b-482a-95af-49b027ded482}</UniqueIdentifier>
    </Filter>
    <Filter Include="02.GameObject\01.Environment\00.SkyBox">
      <UniqueIdentifier>{61fc58df-0b62-411a-a848-149a178cb7c2}</UniqueIdentifier>
    </Filter>
    <Filter Include="96.Camera\00.DebugCamera">
      <UniqueIdentifier>{d4a13fa5-d857-4baf-9d6d-df48e0c74061}</UniqueIdentifier>
    </Filter>
    <Filter Include="96.Camera\01.DynamicCamera">
      <UniqueIdentifier>{99b8dbdf-8398-4c85-a054-3158a779b010}</UniqueIdentifier>
    </Filter>
    <Filter Include="02.GameObject\00.LogoBack">
      <UniqueIdentifier>{e1830c16-2d13-49f7-8572-3acdd2330b3c}</UniqueIdentifier>
    </Filter>
    <Filter Include="02.GameObject\99.SampleObject">
      <UniqueIdentifier>{123f4ddb-5d76-4b1a-b120-3eb2d0c5b1d3}</UniqueIdentifier>
    </Filter>
    <Filter Include="02.GameObject\99.SampleObject\01.RectObject">
      <UniqueIdentifier>{851722c3-688d-47c2-9258-f83785e0772a}</UniqueIdentifier>
    </Filter>
    <Filter Include="02.GameObject\99.SampleObject\02.CubeObject">
      <UniqueIdentifier>{7af8cf58-650d-4246-acac-5d8f4c1df892}</UniqueIdentifier>
    </Filter>
    <Filter Include="02.GameObject\99.SampleObject\03.TerrainObject">
      <UniqueIdentifier>{ef54af93-bffa-4e2a-ae60-069505659442}</UniqueIdentifier>
    </Filter>
    <Filter Include="02.GameObject\99.SampleObject\04.TerrainMeshObject">
      <UniqueIdentifier>{3b4ee930-0624-4cbc-8246-7121b52f2614}</UniqueIdentifier>
    </Filter>
    <Filter Include="02.GameObject\99.SampleObject\05.StaticMeshObject">
      <UniqueIdentifier>{2351c006-4ada-445d-8e86-d03ee28c66bc}</UniqueIdentifier>
    </Filter>
    <Filter Include="02.GameObject\99.SampleObject\06.Popori_F">
      <UniqueIdentifier>{c3511f7c-4ce1-4a91-abc0-8f5afd0bef91}</UniqueIdentifier>
    </Filter>
    <Filter Include="02.GameObject\99.SampleObject\07.TextureEffect">
      <UniqueIdentifier>{447913bb-84f9-4c8d-9978-476e7a28c9bf}</UniqueIdentifier>
    </Filter>
    <Filter Include="01.Scene\99.DebugStage">
      <UniqueIdentifier>{8129731b-c82e-4cf7-bbab-9ac7e83b6987}</UniqueIdentifier>
    </Filter>
    <Filter Include="01.Scene\99.DebugStage\StageHSY">
      <UniqueIdentifier>{cce7a519-dab0-4b1d-a458-3dc62e3a06ef}</UniqueIdentifier>
    </Filter>
    <Filter Include="01.Scene\99.DebugStage\StagePJO">
      <UniqueIdentifier>{c12c083f-6b2d-4435-a817-2e559d054f87}</UniqueIdentifier>
    </Filter>
    <Filter Include="01.Scene\99.DebugStage\StageLDH">
      <UniqueIdentifier>{962761de-71a1-4a1a-9d46-0a8a8149a0ea}</UniqueIdentifier>
    </Filter>
    <Filter Include="97.Mgr\00.PacketMgr">
      <UniqueIdentifier>{4d9afe9f-34b3-44e0-acf1-51a5f382f0be}</UniqueIdentifier>
    </Filter>
    <Filter Include="97.Mgr\01.ShadowLightMgr">
      <UniqueIdentifier>{2ea7e636-a640-459b-8952-a54d6bc53653}</UniqueIdentifier>
    </Filter>
    <Filter Include="97.Mgr\02.CollisionMgr">
      <UniqueIdentifier>{e6d909b7-4f42-40ea-8b61-bad7b56f65e2}</UniqueIdentifier>
    </Filter>
  </ItemGroup>
  <ItemGroup>
    <ClInclude Include="Client.h">
      <Filter>99.Etc</Filter>
    </ClInclude>
    <ClInclude Include="Resource.h">
      <Filter>99.Etc</Filter>
    </ClInclude>
    <ClInclude Include="targetver.h">
      <Filter>99.Etc</Filter>
    </ClInclude>
    <ClInclude Include="..\Header\Include.h">
      <Filter>98.Header</Filter>
    </ClInclude>
    <ClInclude Include="..\Header\Macro.h">
      <Filter>98.Header</Filter>
    </ClInclude>
    <ClInclude Include="..\Header\Typedef.h">
      <Filter>98.Header</Filter>
    </ClInclude>
    <ClInclude Include="..\Header\Const.h">
      <Filter>98.Header</Filter>
    </ClInclude>
    <ClInclude Include="..\Code\MainApp.h">
      <Filter>00.MainApp</Filter>
    </ClInclude>
    <ClInclude Include="..\Header\Extern.h">
      <Filter>98.Header</Filter>
    </ClInclude>
    <ClInclude Include="..\Header\Struct.h">
      <Filter>98.Header</Filter>
    </ClInclude>
    <ClInclude Include="..\Code\Scene_Logo.h">
      <Filter>01.Scene\01.Logo</Filter>
    </ClInclude>
    <ClInclude Include="..\Code\Scene_Menu.h">
      <Filter>01.Scene\02.Menu</Filter>
    </ClInclude>
    <ClInclude Include="..\Code\Scene_Stage.h">
      <Filter>01.Scene\03.Stage</Filter>
    </ClInclude>
    <ClInclude Include="..\Code\CubeObject.h">
      <Filter>02.GameObject\99.SampleObject\02.CubeObject</Filter>
    </ClInclude>
    <ClInclude Include="..\Code\RectObject.h">
      <Filter>02.GameObject\99.SampleObject\01.RectObject</Filter>
    </ClInclude>
    <ClInclude Include="..\Code\Loading.h">
      <Filter>01.Scene\00.Loading</Filter>
    </ClInclude>
    <ClInclude Include="..\Code\TerrainObject.h">
      <Filter>02.GameObject\99.SampleObject\03.TerrainObject</Filter>
    </ClInclude>
    <ClInclude Include="..\Code\StaticMeshObject.h">
      <Filter>02.GameObject\99.SampleObject\05.StaticMeshObject</Filter>
    </ClInclude>
    <ClInclude Include="..\Code\Popori_F.h">
      <Filter>02.GameObject\99.SampleObject\06.Popori_F</Filter>
    </ClInclude>
    <ClInclude Include="..\Code\TextureEffect.h">
      <Filter>02.GameObject\99.SampleObject\07.TextureEffect</Filter>
    </ClInclude>
    <ClInclude Include="..\Code\SkyBox.h">
      <Filter>02.GameObject\01.Environment\00.SkyBox</Filter>
    </ClInclude>
    <ClInclude Include="..\Code\DynamicCamera.h">
      <Filter>96.Camera\01.DynamicCamera</Filter>
    </ClInclude>
    <ClInclude Include="..\Code\DebugCamera.h">
      <Filter>96.Camera\00.DebugCamera</Filter>
    </ClInclude>
    <ClInclude Include="..\Code\LogoBack.h">
      <Filter>02.GameObject\00.LogoBack</Filter>
    </ClInclude>
    <ClInclude Include="..\Code\TerrainMeshObject.h">
      <Filter>02.GameObject\99.SampleObject\04.TerrainMeshObject</Filter>
    </ClInclude>
    <ClInclude Include="stdafx.h">
      <Filter>99.Etc</Filter>
    </ClInclude>
    <ClInclude Include="..\Code\StageLDH.h">
      <Filter>01.Scene\99.DebugStage\StageLDH</Filter>
    </ClInclude>
    <ClInclude Include="..\Code\StagePJO.h">
      <Filter>01.Scene\99.DebugStage\StagePJO</Filter>
    </ClInclude>
    <ClInclude Include="..\Code\StageHSY.h">
      <Filter>01.Scene\99.DebugStage\StageHSY</Filter>
    </ClInclude>
    <ClInclude Include="..\Code\ShadowLightMgr.h">
      <Filter>97.Mgr\01.ShadowLightMgr</Filter>
    </ClInclude>
  </ItemGroup>
  <ItemGroup>
    <ClCompile Include="Client.cpp">
      <Filter>99.Etc</Filter>
    </ClCompile>
    <ClCompile Include="stdafx.cpp">
      <Filter>99.Etc</Filter>
    </ClCompile>
    <ClCompile Include="..\Code\MainApp.cpp">
      <Filter>00.MainApp</Filter>
    </ClCompile>
    <ClCompile Include="..\Code\Scene_Logo.cpp">
      <Filter>01.Scene\01.Logo</Filter>
    </ClCompile>
    <ClCompile Include="..\Code\Scene_Menu.cpp">
      <Filter>01.Scene\02.Menu</Filter>
    </ClCompile>
    <ClCompile Include="..\Code\Scene_Stage.cpp">
      <Filter>01.Scene\03.Stage</Filter>
    </ClCompile>
    <ClCompile Include="..\Code\CubeObject.cpp">
      <Filter>02.GameObject\99.SampleObject\02.CubeObject</Filter>
    </ClCompile>
    <ClCompile Include="..\Code\RectObject.cpp">
      <Filter>02.GameObject\99.SampleObject\01.RectObject</Filter>
    </ClCompile>
    <ClCompile Include="..\Code\Loading.cpp">
      <Filter>01.Scene\00.Loading</Filter>
    </ClCompile>
    <ClCompile Include="..\Code\TerrainObject.cpp">
      <Filter>02.GameObject\99.SampleObject\03.TerrainObject</Filter>
    </ClCompile>
    <ClCompile Include="..\Code\StaticMeshObject.cpp">
      <Filter>02.GameObject\99.SampleObject\05.StaticMeshObject</Filter>
    </ClCompile>
    <ClCompile Include="..\Code\Popori_F.cpp">
      <Filter>02.GameObject\99.SampleObject\06.Popori_F</Filter>
    </ClCompile>
    <ClCompile Include="..\Code\TextureEffect.cpp">
      <Filter>02.GameObject\99.SampleObject\07.TextureEffect</Filter>
    </ClCompile>
    <ClCompile Include="..\Code\SkyBox.cpp">
      <Filter>02.GameObject\01.Environment\00.SkyBox</Filter>
    </ClCompile>
    <ClCompile Include="..\Code\DynamicCamera.cpp">
      <Filter>96.Camera\01.DynamicCamera</Filter>
    </ClCompile>
    <ClCompile Include="..\Code\DebugCamera.cpp">
      <Filter>96.Camera\00.DebugCamera</Filter>
    </ClCompile>
    <ClCompile Include="..\Code\LogoBack.cpp">
      <Filter>02.GameObject\00.LogoBack</Filter>
    </ClCompile>
    <ClCompile Include="..\Code\TerrainMeshObject.cpp">
      <Filter>02.GameObject\99.SampleObject\04.TerrainMeshObject</Filter>
    </ClCompile>
    <ClCompile Include="..\Code\StageLDH.cpp">
      <Filter>01.Scene\99.DebugStage\StageLDH</Filter>
    </ClCompile>
    <ClCompile Include="..\Code\StagePJO.cpp">
      <Filter>01.Scene\99.DebugStage\StagePJO</Filter>
    </ClCompile>
    <ClCompile Include="..\Code\StageHSY.cpp">
      <Filter>01.Scene\99.DebugStage\StageHSY</Filter>
    </ClCompile>
    <ClCompile Include="..\Code\ShadowLightMgr.cpp">
      <Filter>97.Mgr\01.ShadowLightMgr</Filter>
    </ClCompile>
  </ItemGroup>
  <ItemGroup>
    <Image Include="Client.ico">
      <Filter>99.Etc</Filter>
    </Image>
    <Image Include="small.ico">
      <Filter>99.Etc</Filter>
    </Image>
  </ItemGroup>
  <ItemGroup>
    <ResourceCompile Include="Client.rc">
      <Filter>99.Etc</Filter>
    </ResourceCompile>
  </ItemGroup>
</Project>