<?xml version="1.0" encoding="utf-8"?>
<Project ToolsVersion="4.0" xmlns="http://schemas.microsoft.com/developer/msbuild/2003">
  <ItemGroup>
    <Filter Include="99.Etc">
      <UniqueIdentifier>{e427639d-e918-4a32-949d-9561326119a4}</UniqueIdentifier>
    </Filter>
    <Filter Include="98.Header">
      <UniqueIdentifier>{6f905f50-11c2-45a4-91f5-7c78a86264b1}</UniqueIdentifier>
    </Filter>
    <Filter Include="00.MainApp">
      <UniqueIdentifier>{d44c419a-06e7-4459-aa0b-865fac6ecdc9}</UniqueIdentifier>
    </Filter>
    <Filter Include="97.Mgr">
      <UniqueIdentifier>{27876c48-0016-46b3-87e1-89e8fb599f1a}</UniqueIdentifier>
    </Filter>
    <Filter Include="01.Scene">
      <UniqueIdentifier>{256c4ed2-d49e-45f9-a77a-d6dfb12066fc}</UniqueIdentifier>
    </Filter>
    <Filter Include="02.GameObject">
      <UniqueIdentifier>{ca6f4b3b-0852-42ed-89f9-fb933331dd10}</UniqueIdentifier>
    </Filter>
    <Filter Include="02.GameObject\01.Environment">
      <UniqueIdentifier>{c032b6d9-f4d5-4740-9507-36a2e633f142}</UniqueIdentifier>
    </Filter>
    <Filter Include="01.Scene\02.Menu">
      <UniqueIdentifier>{51fd0ff7-39a3-4557-b9b9-cc8eb69fb283}</UniqueIdentifier>
    </Filter>
    <Filter Include="96.Camera">
      <UniqueIdentifier>{fd951fef-76fb-4e49-bf03-6a0843ab4a01}</UniqueIdentifier>
    </Filter>
    <Filter Include="01.Scene\00.Loading">
      <UniqueIdentifier>{414ce8cb-454b-482a-95af-49b027ded482}</UniqueIdentifier>
    </Filter>
    <Filter Include="02.GameObject\01.Environment\00.SkyBox">
      <UniqueIdentifier>{61fc58df-0b62-411a-a848-149a178cb7c2}</UniqueIdentifier>
    </Filter>
    <Filter Include="96.Camera\00.DebugCamera">
      <UniqueIdentifier>{d4a13fa5-d857-4baf-9d6d-df48e0c74061}</UniqueIdentifier>
    </Filter>
    <Filter Include="96.Camera\01.DynamicCamera">
      <UniqueIdentifier>{99b8dbdf-8398-4c85-a054-3158a779b010}</UniqueIdentifier>
    </Filter>
    <Filter Include="01.Scene\99.DebugStage">
      <UniqueIdentifier>{8129731b-c82e-4cf7-bbab-9ac7e83b6987}</UniqueIdentifier>
    </Filter>
    <Filter Include="97.Mgr\00.PacketMgr">
      <UniqueIdentifier>{4d9afe9f-34b3-44e0-acf1-51a5f382f0be}</UniqueIdentifier>
    </Filter>
    <Filter Include="97.Mgr\01.ShadowLightMgr">
      <UniqueIdentifier>{2ea7e636-a640-459b-8952-a54d6bc53653}</UniqueIdentifier>
    </Filter>
    <Filter Include="01.Scene\99.DebugStage\01.StageLDH">
      <UniqueIdentifier>{962761de-71a1-4a1a-9d46-0a8a8149a0ea}</UniqueIdentifier>
    </Filter>
    <Filter Include="01.Scene\99.DebugStage\02.StagePJO">
      <UniqueIdentifier>{c12c083f-6b2d-4435-a817-2e559d054f87}</UniqueIdentifier>
    </Filter>
    <Filter Include="01.Scene\99.DebugStage\03.StageHSY">
      <UniqueIdentifier>{cce7a519-dab0-4b1d-a458-3dc62e3a06ef}</UniqueIdentifier>
    </Filter>
    <Filter Include="99.Etc\SampleObject">
      <UniqueIdentifier>{123f4ddb-5d76-4b1a-b120-3eb2d0c5b1d3}</UniqueIdentifier>
    </Filter>
    <Filter Include="99.Etc\SampleObject\01.RectObject">
      <UniqueIdentifier>{851722c3-688d-47c2-9258-f83785e0772a}</UniqueIdentifier>
    </Filter>
    <Filter Include="99.Etc\SampleObject\02.CubeObject">
      <UniqueIdentifier>{7af8cf58-650d-4246-acac-5d8f4c1df892}</UniqueIdentifier>
    </Filter>
    <Filter Include="99.Etc\SampleObject\03.TerrainObject">
      <UniqueIdentifier>{ef54af93-bffa-4e2a-ae60-069505659442}</UniqueIdentifier>
    </Filter>
    <Filter Include="99.Etc\SampleObject\06.Popori_F">
      <UniqueIdentifier>{c3511f7c-4ce1-4a91-abc0-8f5afd0bef91}</UniqueIdentifier>
    </Filter>
    <Filter Include="99.Etc\SampleObject\07.TextureEffect">
      <UniqueIdentifier>{447913bb-84f9-4c8d-9978-476e7a28c9bf}</UniqueIdentifier>
    </Filter>
    <Filter Include="99.Etc\SampleObject\08.SampleUI">
      <UniqueIdentifier>{2bf9ad56-c327-4202-a8e3-de774ae5b3d0}</UniqueIdentifier>
    </Filter>
    <Filter Include="99.Etc\SampleObject\09.TestPlayer">
      <UniqueIdentifier>{f0f95ad6-bbdd-49d9-bc89-2cca06f27a2b}</UniqueIdentifier>
    </Filter>
    <Filter Include="99.Etc\SampleObject\10.TestOthers">
      <UniqueIdentifier>{6ad99d1c-9bb2-4d7f-806e-99ac48309498}</UniqueIdentifier>
    </Filter>
    <Filter Include="99.Etc\SampleObject\12.TexEffectInstance">
      <UniqueIdentifier>{8127f386-d54a-487e-be8b-709a071ca813}</UniqueIdentifier>
    </Filter>
    <Filter Include="99.Etc\SampleObject\13.TestCollisionObject">
      <UniqueIdentifier>{aee3eebd-2978-42e2-9fe0-891608d742c9}</UniqueIdentifier>
    </Filter>
    <Filter Include="99.Etc\SampleObject\14.DistortionDisk">
      <UniqueIdentifier>{10a08025-d7a0-499a-ba23-d0f26adbe72c}</UniqueIdentifier>
    </Filter>
    <Filter Include="02.GameObject\02.PlayerCharacter">
      <UniqueIdentifier>{30ac5964-93ee-4c7c-bbb1-173e35ff9b0d}</UniqueIdentifier>
    </Filter>
    <Filter Include="02.GameObject\01.Environment\01.StaticMeshObject">
      <UniqueIdentifier>{31a1d126-62e7-4145-a491-71e8b6a01acd}</UniqueIdentifier>
    </Filter>
    <Filter Include="02.GameObject\01.Environment\02.TerrainMeshObject">
      <UniqueIdentifier>{380b6048-fba1-4bfc-9945-5fa540c1c856}</UniqueIdentifier>
    </Filter>
    <Filter Include="99.Etc\SampleObject\15.Monster">
      <UniqueIdentifier>{e73a9a64-5a60-44be-983e-b8815ff5f609}</UniqueIdentifier>
    </Filter>
    <Filter Include="99.Etc\SampleObject\15.Monster\00.Monster_Normal">
      <UniqueIdentifier>{c44468fa-a3be-4d62-a0da-e9371e6bff6d}</UniqueIdentifier>
    </Filter>
    <Filter Include="99.Etc\SampleObject\15.Monster\01.Monster_Chase">
      <UniqueIdentifier>{994676e4-5b5b-4bda-a01c-41800c66e29a}</UniqueIdentifier>
    </Filter>
    <Filter Include="99.Etc\SampleObject\16.SampleNPC">
      <UniqueIdentifier>{846aca4f-d4ab-435e-960c-ddff5ecac35e}</UniqueIdentifier>
    </Filter>
    <Filter Include="99.Etc\SampleObject\17.TestColPlayer">
      <UniqueIdentifier>{c38fbeba-2cfc-4d7e-8c4c-f811a65bad11}</UniqueIdentifier>
    </Filter>
    <Filter Include="99.Etc\SampleObject\18.TestColMonster">
      <UniqueIdentifier>{af8cf5a3-7573-4bee-ae7f-005905d751aa}</UniqueIdentifier>
    </Filter>
    <Filter Include="02.GameObject\99.GameUI">
      <UniqueIdentifier>{b30b9034-b059-4f37-b27b-eaef8067d730}</UniqueIdentifier>
    </Filter>
    <Filter Include="02.GameObject\99.GameUI\01.GameUIChild">
      <UniqueIdentifier>{555091cb-f50e-4c4a-a5f5-521bb05df904}</UniqueIdentifier>
    </Filter>
    <Filter Include="02.GameObject\99.GameUI\01.GameUIChild\00.CharacterClassFrameChild">
      <UniqueIdentifier>{5ed0d699-bd40-49a6-bc6c-1c696fe78735}</UniqueIdentifier>
    </Filter>
    <Filter Include="02.GameObject\99.GameUI\01.GameUIChild\00.CharacterClassFrameChild\CharacterHpGauge">
      <UniqueIdentifier>{f7913948-159f-419e-8367-574ce62397dc}</UniqueIdentifier>
    </Filter>
    <Filter Include="02.GameObject\99.GameUI\01.GameUIChild\00.CharacterClassFrameChild\CharacterMpGauge">
      <UniqueIdentifier>{64e89467-e110-46da-8a5e-4497e69db895}</UniqueIdentifier>
    </Filter>
    <Filter Include="02.GameObject\99.GameUI\00.GameUIRoot">
      <UniqueIdentifier>{1973f2c6-5836-47cb-bd97-d4f5c3e326cf}</UniqueIdentifier>
    </Filter>
    <Filter Include="02.GameObject\99.GameUI\00.GameUIRoot\00.MainMenu">
      <UniqueIdentifier>{520b2294-6849-4ef2-b7c0-c141dbaaa4ce}</UniqueIdentifier>
    </Filter>
    <Filter Include="02.GameObject\99.GameUI\00.GameUIRoot\00.MainMenu\MainMenuEquipment">
      <UniqueIdentifier>{dc3b6a8b-70b1-4f14-a8ee-58ef8bd9f1e5}</UniqueIdentifier>
    </Filter>
    <Filter Include="02.GameObject\99.GameUI\00.GameUIRoot\00.MainMenu\MainMenuSetting">
      <UniqueIdentifier>{0d01a10a-66db-4d61-bb8a-5afb5336c0d2}</UniqueIdentifier>
    </Filter>
    <Filter Include="02.GameObject\99.GameUI\00.GameUIRoot\00.MainMenu\MainMenuLogout">
      <UniqueIdentifier>{4303e244-71b2-48ef-b0e2-198755843a15}</UniqueIdentifier>
    </Filter>
    <Filter Include="02.GameObject\99.GameUI\00.GameUIRoot\00.MainMenu\MainMenuInventory">
      <UniqueIdentifier>{9c82edd5-757a-4969-90b0-4dff9650f064}</UniqueIdentifier>
    </Filter>
    <Filter Include="02.GameObject\02.PlayerCharacter\00.PCGladiator">
      <UniqueIdentifier>{3b49a529-bab1-4a53-9827-4cde6e9b65f7}</UniqueIdentifier>
    </Filter>
    <Filter Include="02.GameObject\02.PlayerCharacter\01.PCArcher">
      <UniqueIdentifier>{1e304c41-821d-4b92-9364-958779beefe7}</UniqueIdentifier>
    </Filter>
    <Filter Include="02.GameObject\02.PlayerCharacter\03.PCPriest">
      <UniqueIdentifier>{6eed4051-b07f-4440-9510-50ef60d1266f}</UniqueIdentifier>
    </Filter>
    <Filter Include="02.GameObject\04.NPC">
      <UniqueIdentifier>{47df4906-7eaf-475a-9510-a7ba998fbd98}</UniqueIdentifier>
    </Filter>
    <Filter Include="02.GameObject\05.Monster">
      <UniqueIdentifier>{3b8e7fab-087e-47c3-9828-af65a341aa00}</UniqueIdentifier>
    </Filter>
    <Filter Include="02.GameObject\05.Monster\00.Crab">
      <UniqueIdentifier>{f52b8195-0115-416c-a1ab-1aa1e413e775}</UniqueIdentifier>
    </Filter>
    <Filter Include="02.GameObject\03.PCWeapon">
      <UniqueIdentifier>{5ab5c278-b452-41c5-9294-cfc9e548abb2}</UniqueIdentifier>
    </Filter>
    <Filter Include="02.GameObject\03.PCWeapon\00.PCWeaponTwoHand">
      <UniqueIdentifier>{e8da9dc5-c8be-4b17-a546-9a5417c3cbc1}</UniqueIdentifier>
    </Filter>
    <Filter Include="02.GameObject\03.PCWeapon\01.PCWeaponBow">
      <UniqueIdentifier>{fb13d691-ea2e-4e07-af00-19ee06ada963}</UniqueIdentifier>
    </Filter>
    <Filter Include="02.GameObject\03.PCWeapon\03.PCWeaponRod">
      <UniqueIdentifier>{ac799807-47db-404f-9962-ec39d0fab803}</UniqueIdentifier>
    </Filter>
    <Filter Include="02.GameObject\05.Monster\01.Monkey">
      <UniqueIdentifier>{619c65d5-6d04-4253-bd5f-839dc09a18a7}</UniqueIdentifier>
    </Filter>
    <Filter Include="98.Header\00.protocol">
      <UniqueIdentifier>{745f0be7-2082-47b9-96f0-48a3569569a1}</UniqueIdentifier>
    </Filter>
    <Filter Include="02.GameObject\05.Monster\02.CloderA">
      <UniqueIdentifier>{bc3c5eac-51e7-4ec7-94fa-47a9d686f3fa}</UniqueIdentifier>
    </Filter>
    <Filter Include="02.GameObject\05.Monster\03.DrownedSailor">
      <UniqueIdentifier>{713aa426-3981-45d9-8771-b82e6792d412}</UniqueIdentifier>
    </Filter>
    <Filter Include="02.GameObject\98.GameEffect">
      <UniqueIdentifier>{9afafac1-18e0-482b-8f50-b6c06c0bf845}</UniqueIdentifier>
    </Filter>
    <Filter Include="02.GameObject\98.GameEffect\01.EffectTrail">
      <UniqueIdentifier>{ecfa5090-5ac4-4c60-8258-468da564ef49}</UniqueIdentifier>
    </Filter>
    <Filter Include="02.GameObject\05.Monster\04.GiantBeetle">
      <UniqueIdentifier>{015b6714-c2a6-4a34-ac83-056edb880e66}</UniqueIdentifier>
    </Filter>
    <Filter Include="02.GameObject\05.Monster\05.GiantMonkey">
      <UniqueIdentifier>{632a9c57-7803-4c3f-8918-3d76c1f4aa9c}</UniqueIdentifier>
    </Filter>
    <Filter Include="02.GameObject\05.Monster\06.CraftyArachne">
      <UniqueIdentifier>{53d529ed-bf47-47fa-bbe1-0542401ebe4e}</UniqueIdentifier>
    </Filter>
    <Filter Include="02.GameObject\06.CollisionTick">
      <UniqueIdentifier>{46392a5c-e300-4239-b145-a33d4fb5620f}</UniqueIdentifier>
    </Filter>
    <Filter Include="01.Scene\03.MainStage">
      <UniqueIdentifier>{af574c80-212e-42e6-9a44-0bbdcdee06c7}</UniqueIdentifier>
    </Filter>
    <Filter Include="02.GameObject\01.Environment\03.WaterFall">
      <UniqueIdentifier>{82236fe0-48c1-4b5c-b540-a9426f9e4b58}</UniqueIdentifier>
    </Filter>
    <Filter Include="02.GameObject\07.Portal">
      <UniqueIdentifier>{982850ed-e7b9-4366-90cb-9a04060eef1d}</UniqueIdentifier>
    </Filter>
    <Filter Include="02.GameObject\04.NPC\00.NPC_Walker">
      <UniqueIdentifier>{ceb6f96a-aa02-4edc-bdcb-d213059de653}</UniqueIdentifier>
    </Filter>
    <Filter Include="02.GameObject\98.GameEffect\02.MagicCircle">
      <UniqueIdentifier>{06feade8-b31d-48da-9c1b-00ae2089b752}</UniqueIdentifier>
    </Filter>
    <Filter Include="02.GameObject\04.NPC\03.NPC_Merchant">
      <UniqueIdentifier>{797a3833-9c0a-4991-ae76-60371ebf7e9e}</UniqueIdentifier>
    </Filter>
    <Filter Include="02.GameObject\04.NPC\02.NPC_Stander">
      <UniqueIdentifier>{3973e66e-60c9-4e24-9477-8c6558e6ce19}</UniqueIdentifier>
    </Filter>
    <Filter Include="02.GameObject\04.NPC\01.NPC_Assistant">
      <UniqueIdentifier>{284d1bef-ae2b-4e28-ad8d-0f76db3a4b48}</UniqueIdentifier>
    </Filter>
    <Filter Include="02.GameObject\04.NPC\04.NPC_Quest">
      <UniqueIdentifier>{9ca7aa88-76e5-412d-93de-6cd80b2089c4}</UniqueIdentifier>
    </Filter>
    <Filter Include="02.GameObject\04.NPC\05_NPC_Children">
      <UniqueIdentifier>{6365142f-a91c-48b9-bfb7-6217669dc73f}</UniqueIdentifier>
    </Filter>
    <Filter Include="01.Scene\01.Logo">
      <UniqueIdentifier>{fd93da88-aeef-4df4-a63a-e362f97fa376}</UniqueIdentifier>
    </Filter>
    <Filter Include="01.Scene\01.Logo\00.LogoBack">
      <UniqueIdentifier>{e1830c16-2d13-49f7-8572-3acdd2330b3c}</UniqueIdentifier>
    </Filter>
    <Filter Include="01.Scene\01.Logo\01.LoadingProgressBack">
      <UniqueIdentifier>{3c565417-9667-43d1-b28b-ac56d6c8d6f0}</UniqueIdentifier>
    </Filter>
    <Filter Include="01.Scene\01.Logo\02.LoadingProgress">
      <UniqueIdentifier>{018c85ab-d8f8-4c79-8bba-f142768a3d1c}</UniqueIdentifier>
    </Filter>
    <Filter Include="97.Mgr\02.ServerMath">
      <UniqueIdentifier>{608982b7-5130-4247-b0b0-0a6009ba9f5b}</UniqueIdentifier>
    </Filter>
    <Filter Include="97.Mgr\03.MouseCursorMgr">
      <UniqueIdentifier>{9f593d0a-4f7e-4583-a859-a2cb29f4762e}</UniqueIdentifier>
    </Filter>
    <Filter Include="97.Mgr\04.InstancePoolMgr">
      <UniqueIdentifier>{782ae5d2-11c5-4a86-a19c-e951b3e41635}</UniqueIdentifier>
    </Filter>
    <Filter Include="02.GameObject\98.GameEffect\03.IceStorm">
      <UniqueIdentifier>{4cb4476f-b756-48eb-8227-1c7d07a5bc6b}</UniqueIdentifier>
    </Filter>
    <Filter Include="02.GameObject\98.GameEffect\04.SnowParticle">
      <UniqueIdentifier>{691bb138-03bb-450c-995b-db0741417389}</UniqueIdentifier>
    </Filter>
    <Filter Include="02.GameObject\98.GameEffect\99.PublicEffect">
      <UniqueIdentifier>{fb5fb213-d064-4e7c-a9de-a75415cf0ac5}</UniqueIdentifier>
    </Filter>
    <Filter Include="02.GameObject\06.CollisionTick\CollisionArrow">
      <UniqueIdentifier>{8bd63b4d-5072-480e-9815-16e73e952294}</UniqueIdentifier>
    </Filter>
    <Filter Include="02.GameObject\99.GameUI\00.GameUIRoot\01.PCSelectBackground">
      <UniqueIdentifier>{a3ce7da6-fbd3-409e-bcd3-7fe4abca5737}</UniqueIdentifier>
    </Filter>
    <Filter Include="02.GameObject\99.GameUI\01.GameUIChild\01.PCSelectBackgroundChild">
      <UniqueIdentifier>{af567c97-2557-4335-88c6-ba8a7a5efe1a}</UniqueIdentifier>
    </Filter>
    <Filter Include="02.GameObject\99.GameUI\01.GameUIChild\01.PCSelectBackgroundChild\PCSelectJop">
      <UniqueIdentifier>{0b0f9c41-3e53-4345-93a0-d424c7dfb267}</UniqueIdentifier>
    </Filter>
    <Filter Include="02.GameObject\99.GameUI\01.GameUIChild\01.PCSelectBackgroundChild\PCSelectButton">
      <UniqueIdentifier>{a0dceaaf-c718-4e10-a0b7-cee34d770657}</UniqueIdentifier>
    </Filter>
    <Filter Include="02.GameObject\99.GameUI\01.GameUIChild\01.PCSelectBackgroundChild\PCSelectFrame">
      <UniqueIdentifier>{be28307c-c7f2-48f7-801d-f7f4fa5f8bdd}</UniqueIdentifier>
    </Filter>
    <Filter Include="02.GameObject\99.GameUI\02.NormalMonsterHpGauge">
      <UniqueIdentifier>{2c6d9858-532b-4d18-ab51-2bf0aed42f5c}</UniqueIdentifier>
    </Filter>
    <Filter Include="02.GameObject\98.GameEffect\05.IceStorm_s">
      <UniqueIdentifier>{7bf487f3-73d6-4e5e-9fca-c48fff7becc5}</UniqueIdentifier>
    </Filter>
    <Filter Include="02.GameObject\98.GameEffect\06.FireDecal">
      <UniqueIdentifier>{071f194a-872a-4199-a9be-3cd9a1c45073}</UniqueIdentifier>
    </Filter>
    <Filter Include="02.GameObject\98.GameEffect\07.Glowring">
      <UniqueIdentifier>{464b1cff-7763-48a2-b665-80a68091b608}</UniqueIdentifier>
    </Filter>
    <Filter Include="97.Mgr\05.EffectMgr">
      <UniqueIdentifier>{d1e755a3-e0b4-49c4-86c9-fa11fd591ea8}</UniqueIdentifier>
    </Filter>
    <Filter Include="97.Mgr\06.PartySystemMgr">
      <UniqueIdentifier>{cc282e5d-d07a-4c55-a4ba-edde963a14e1}</UniqueIdentifier>
    </Filter>
    <Filter Include="97.Mgr\07.ChattingMgr">
      <UniqueIdentifier>{2904b338-b7c5-4d45-a62a-077e1b63a009}</UniqueIdentifier>
    </Filter>
    <Filter Include="97.Mgr\08.InventoryEquimentMgr">
      <UniqueIdentifier>{f98edfe9-53c5-4831-8d41-ab37db7e4434}</UniqueIdentifier>
    </Filter>
    <Filter Include="02.GameObject\99.GameUI\00.GameUIRoot\03.LoginSelectButton">
      <UniqueIdentifier>{0432068e-cade-4d10-9e8d-e146572eca3f}</UniqueIdentifier>
    </Filter>
    <Filter Include="02.GameObject\99.GameUI\00.GameUIRoot\04.PartySuggestCanvas">
      <UniqueIdentifier>{2c765787-bdab-45de-8300-e5c904062120}</UniqueIdentifier>
    </Filter>
    <Filter Include="02.GameObject\99.GameUI\00.GameUIRoot\05.PartySuggestResponseCanvas">
      <UniqueIdentifier>{64cedfb3-8c17-4f6d-9060-3639a62fb706}</UniqueIdentifier>
    </Filter>
    <Filter Include="02.GameObject\99.GameUI\00.GameUIRoot\06.PartySystemMessageCanvas">
      <UniqueIdentifier>{d725e887-f3b2-4608-abed-603bbbccaaa2}</UniqueIdentifier>
    </Filter>
    <Filter Include="02.GameObject\99.GameUI\00.GameUIRoot\07.PartyInfoListCanvas">
      <UniqueIdentifier>{58edd721-57c6-4687-92f6-9b0e872bebe4}</UniqueIdentifier>
    </Filter>
    <Filter Include="02.GameObject\99.GameUI\00.GameUIRoot\08.ChattingCanvas">
      <UniqueIdentifier>{94dcbd59-685a-4f2f-b5cc-5fded982fee4}</UniqueIdentifier>
    </Filter>
    <Filter Include="02.GameObject\99.GameUI\00.GameUIRoot\02.LoginIDBackground">
      <UniqueIdentifier>{11644b37-85ba-4176-9cc9-dd1dc64a2eda}</UniqueIdentifier>
    </Filter>
    <Filter Include="02.GameObject\99.GameUI\01.GameUIChild\03.MainMenuSettingCanvasChild">
      <UniqueIdentifier>{0544f22c-d6b3-4860-b0b5-dc40fc4992ec}</UniqueIdentifier>
    </Filter>
    <Filter Include="02.GameObject\99.GameUI\01.GameUIChild\03.MainMenuSettingCanvasChild\SettingButtonClose">
      <UniqueIdentifier>{3e1e1857-6771-41cf-8a0d-551bff17b6f5}</UniqueIdentifier>
    </Filter>
    <Filter Include="02.GameObject\99.GameUI\01.GameUIChild\03.MainMenuSettingCanvasChild\SettingButtonGameExit">
      <UniqueIdentifier>{8262b5f6-524a-4995-9eb7-0c41f9487a76}</UniqueIdentifier>
    </Filter>
    <Filter Include="02.GameObject\99.GameUI\01.GameUIChild\03.MainMenuSettingCanvasChild\SettingButtonShaderCheckBox">
      <UniqueIdentifier>{29cbdbbf-f8a3-45fa-a452-cf3a610fdbbf}</UniqueIdentifier>
    </Filter>
    <Filter Include="02.GameObject\99.GameUI\01.GameUIChild\04.MainMenuLogoutCanvasChild">
      <UniqueIdentifier>{c4b0806e-7d15-4d54-9daa-c7a3b7c2852b}</UniqueIdentifier>
    </Filter>
    <Filter Include="02.GameObject\99.GameUI\01.GameUIChild\04.MainMenuLogoutCanvasChild\LogoutButtonClose">
      <UniqueIdentifier>{5df590e2-046d-4e30-a065-0bdb6f3c1425}</UniqueIdentifier>
    </Filter>
    <Filter Include="02.GameObject\99.GameUI\01.GameUIChild\04.MainMenuLogoutCanvasChild\LogoutButtonChoice">
      <UniqueIdentifier>{40c02d88-e610-447c-9193-f94d87f88e64}</UniqueIdentifier>
    </Filter>
    <Filter Include="02.GameObject\99.GameUI\01.GameUIChild\05.PartySuggestCanvasChild">
      <UniqueIdentifier>{437ef053-aafd-430c-baac-6cf04e6b6fd8}</UniqueIdentifier>
    </Filter>
    <Filter Include="02.GameObject\99.GameUI\01.GameUIChild\06.PartySuggestResponseCanvasChild">
      <UniqueIdentifier>{03411472-9846-447f-8c78-94f52c64877e}</UniqueIdentifier>
    </Filter>
    <Filter Include="02.GameObject\99.GameUI\01.GameUIChild\06.PartySuggestResponseCanvasChild\PartySuggestResponseChoice">
      <UniqueIdentifier>{381742e4-9df8-44e0-993f-705070c7ccb8}</UniqueIdentifier>
    </Filter>
    <Filter Include="02.GameObject\99.GameUI\01.GameUIChild\06.PartySuggestResponseCanvasChild\PartySuggestResponseClose">
      <UniqueIdentifier>{8afa8e4a-f28c-46e8-a875-828e87d93072}</UniqueIdentifier>
    </Filter>
    <Filter Include="02.GameObject\99.GameUI\01.GameUIChild\07.PartyLeaveButton">
      <UniqueIdentifier>{b33b4008-320c-4816-89ed-a2871b2e4f50}</UniqueIdentifier>
    </Filter>
    <Filter Include="02.GameObject\99.GameUI\01.GameUIChild\08.PartyInfoListCanvasChild">
      <UniqueIdentifier>{86a67724-adcc-4493-a669-1c2090d6dffc}</UniqueIdentifier>
    </Filter>
    <Filter Include="02.GameObject\99.GameUI\01.GameUIChild\08.PartyInfoListCanvasChild\PartyUIHpGauge">
      <UniqueIdentifier>{54cfad39-f045-4c4d-a288-3eacdcaa35a4}</UniqueIdentifier>
    </Filter>
    <Filter Include="02.GameObject\99.GameUI\01.GameUIChild\08.PartyInfoListCanvasChild\PartyUIMpGauge">
      <UniqueIdentifier>{acd22b62-2b4f-4d13-9f18-ad33a8f0257b}</UniqueIdentifier>
    </Filter>
    <Filter Include="02.GameObject\99.GameUI\01.GameUIChild\08.PartyInfoListCanvasChild\PartyUIClassInfo">
      <UniqueIdentifier>{46e56771-b2ac-4242-813f-3acb2e26622d}</UniqueIdentifier>
    </Filter>
    <Filter Include="02.GameObject\99.GameUI\01.GameUIChild\09.ChattingCanvasChild">
      <UniqueIdentifier>{bf1a5b45-6891-4e7a-b4ba-aa88267d2ad4}</UniqueIdentifier>
    </Filter>
    <Filter Include="02.GameObject\99.GameUI\01.GameUIChild\09.ChattingCanvasChild\ChattingCursor">
      <UniqueIdentifier>{f8f35668-2617-435f-84a2-e2d0e40ad98e}</UniqueIdentifier>
    </Filter>
    <Filter Include="02.GameObject\99.GameUI\01.GameUIChild\09.ChattingCanvasChild\ChattingInput">
      <UniqueIdentifier>{8e23dd74-d62b-42eb-aa50-28008bad1900}</UniqueIdentifier>
    </Filter>
    <Filter Include="02.GameObject\99.GameUI\01.GameUIChild\10.InventoryCanvasChild">
      <UniqueIdentifier>{1f3d3779-df59-4a9b-9651-b52aaf3fbb5a}</UniqueIdentifier>
    </Filter>
    <Filter Include="02.GameObject\99.GameUI\01.GameUIChild\10.InventoryCanvasChild\InventoryButtonClose">
      <UniqueIdentifier>{d2814587-1abe-4b15-888c-87a01b9b8d36}</UniqueIdentifier>
    </Filter>
    <Filter Include="02.GameObject\99.GameUI\01.GameUIChild\10.InventoryCanvasChild\InventoryItemSlot">
      <UniqueIdentifier>{43af17d8-be3d-4aad-a4d8-74e819007fb1}</UniqueIdentifier>
    </Filter>
    <Filter Include="02.GameObject\99.GameUI\01.GameUIChild\11.EquipmentCanvasChild">
      <UniqueIdentifier>{8ede34eb-c7f8-4aaa-90d4-41bdd7638181}</UniqueIdentifier>
    </Filter>
    <Filter Include="02.GameObject\99.GameUI\01.GameUIChild\11.EquipmentCanvasChild\EquipmentButtonClose">
      <UniqueIdentifier>{58c69121-8c5c-4fe7-99ae-fc4de2d597b0}</UniqueIdentifier>
    </Filter>
    <Filter Include="02.GameObject\99.GameUI\01.GameUIChild\11.EquipmentCanvasChild\EquipmentItemSlot">
      <UniqueIdentifier>{01dad32f-fc77-47fe-83c9-9f33825951e7}</UniqueIdentifier>
    </Filter>
    <Filter Include="02.GameObject\99.GameUI\01.GameUIChild\02.LoginIDBackgroundChild">
      <UniqueIdentifier>{8c5cf0bd-f30a-4cc4-90cb-826dbefc1917}</UniqueIdentifier>
    </Filter>
    <Filter Include="02.GameObject\99.GameUI\01.GameUIChild\02.LoginIDBackgroundChild\LoginIDButton">
      <UniqueIdentifier>{69800cdb-36b2-4bb9-995b-c1a039840c5b}</UniqueIdentifier>
    </Filter>
    <Filter Include="02.GameObject\99.GameUI\01.GameUIChild\02.LoginIDBackgroundChild\LoginIDFont">
      <UniqueIdentifier>{b290ad04-2ae5-4d01-bc17-9f273a6f75bf}</UniqueIdentifier>
    </Filter>
    <Filter Include="02.GameObject\99.GameUI\01.GameUIChild\02.LoginIDBackgroundChild\LoginIDInputString">
      <UniqueIdentifier>{c9e3ca99-536e-4be3-9d8a-83a0d1baea97}</UniqueIdentifier>
    </Filter>
    <Filter Include="97.Mgr\09.StoreMgr">
      <UniqueIdentifier>{5dd75bb9-5925-4b84-8fb7-8e6aa6a1a5a7}</UniqueIdentifier>
    </Filter>
    <Filter Include="02.GameObject\99.GameUI\00.GameUIRoot\09.InGameStoreCanvas">
      <UniqueIdentifier>{068b76eb-968a-4520-8177-ef727471c3da}</UniqueIdentifier>
    </Filter>
    <Filter Include="02.GameObject\99.GameUI\01.GameUIChild\12.InGameStoreCanvasChild">
      <UniqueIdentifier>{05397634-0fb9-4c60-bf05-4b38a4580f73}</UniqueIdentifier>
    </Filter>
    <Filter Include="02.GameObject\99.GameUI\01.GameUIChild\12.InGameStoreCanvasChild\StoreTab">
      <UniqueIdentifier>{568289ec-87e7-4be5-b8a6-b44457d7abea}</UniqueIdentifier>
    </Filter>
    <Filter Include="02.GameObject\99.GameUI\01.GameUIChild\12.InGameStoreCanvasChild\StoreButtonCalculate">
      <UniqueIdentifier>{5e87d661-b1a7-478d-87ba-2f98af20976d}</UniqueIdentifier>
    </Filter>
    <Filter Include="02.GameObject\99.GameUI\01.GameUIChild\12.InGameStoreCanvasChild\StoreButtonClose">
      <UniqueIdentifier>{37cc0c77-6695-413d-af0c-a43dd031851d}</UniqueIdentifier>
    </Filter>
    <Filter Include="02.GameObject\99.GameUI\01.GameUIChild\12.InGameStoreCanvasChild\StoreBuyListSlot">
      <UniqueIdentifier>{138b951f-716b-40fe-8e58-644a62173443}</UniqueIdentifier>
    </Filter>
    <Filter Include="02.GameObject\99.GameUI\01.GameUIChild\12.InGameStoreCanvasChild\StoreBuySellList">
      <UniqueIdentifier>{c5d09dfd-2159-4055-9490-016719fc03e9}</UniqueIdentifier>
    </Filter>
    <Filter Include="02.GameObject\99.GameUI\01.GameUIChild\12.InGameStoreCanvasChild\StoreItemSlot">
      <UniqueIdentifier>{c49c2b79-999f-478e-8704-2cac635c133d}</UniqueIdentifier>
    </Filter>
    <Filter Include="02.GameObject\99.GameUI\01.GameUIChild\12.InGameStoreCanvasChild\StoreItemSlotBack">
      <UniqueIdentifier>{74ee81df-7581-40c3-830a-12f6a29f1e19}</UniqueIdentifier>
    </Filter>
    <Filter Include="02.GameObject\99.GameUI\01.GameUIChild\12.InGameStoreCanvasChild\StoreSellListSlot">
      <UniqueIdentifier>{3d2e4731-f15c-4ed8-a7e8-22762fc33e76}</UniqueIdentifier>
    </Filter>
    <Filter Include="02.GameObject\99.GameUI\01.GameUIChild\12.InGameStoreCanvasChild\StoreBuySellListBack">
      <UniqueIdentifier>{94801311-078c-43f3-92b6-cc37ad1ab028}</UniqueIdentifier>
    </Filter>
    <Filter Include="97.Mgr\10.QuickSlotMgr">
      <UniqueIdentifier>{6243ea3c-3c8d-4a13-8a8e-95ab781c5df3}</UniqueIdentifier>
    </Filter>
    <Filter Include="02.GameObject\99.GameUI\01.GameUIChild\13.QuickSlot">
      <UniqueIdentifier>{78503bd8-e828-4f5a-af4d-11066d931710}</UniqueIdentifier>
    </Filter>
    <Filter Include="02.GameObject\99.GameUI\00.GameUIRoot\10.QuickSlotSwapSlot">
      <UniqueIdentifier>{bd50983c-a166-4f0b-ba62-62e12fe69709}</UniqueIdentifier>
    </Filter>
    <Filter Include="02.GameObject\05.Monster\07.Lakan">
      <UniqueIdentifier>{bd125270-faa8-4fdf-ab33-5968fcbd9e94}</UniqueIdentifier>
    </Filter>
    <Filter Include="02.GameObject\05.Monster\08.PrionBerserker">
      <UniqueIdentifier>{9fabdcbe-3f07-45bc-b1f9-c31985fe902f}</UniqueIdentifier>
    </Filter>
    <Filter Include="02.GameObject\05.Monster\09.PrionBerserkerBoss">
      <UniqueIdentifier>{4a8d8d88-d0e6-4845-b6d4-dfa790670d3d}</UniqueIdentifier>
    </Filter>
    <Filter Include="02.GameObject\98.GameEffect\00.DmgFont">
      <UniqueIdentifier>{333290f3-bc1e-4da7-91b2-e87c068747e4}</UniqueIdentifier>
    </Filter>
    <Filter Include="02.GameObject\98.GameEffect\08.PriestShield">
      <UniqueIdentifier>{b0ba30a7-e9a4-4f44-ac3f-7d7300316a22}</UniqueIdentifier>
    </Filter>
    <Filter Include="02.GameObject\98.GameEffect\09.DistTrail%28ArcherSkill5%29">
      <UniqueIdentifier>{964d037f-5f1c-4355-b9f6-523edba5cab5}</UniqueIdentifier>
    </Filter>
    <Filter Include="02.GameObject\98.GameEffect\10.FireRing">
      <UniqueIdentifier>{e08c553f-c547-4231-8325-6068a7834fc4}</UniqueIdentifier>
    </Filter>
    <Filter Include="02.GameObject\98.GameEffect\11.SwordEffect">
      <UniqueIdentifier>{376d63d5-a52b-40f4-8ba3-5a5b44372a87}</UniqueIdentifier>
    </Filter>
    <Filter Include="02.GameObject\98.GameEffect\12.SwordEffect_s">
      <UniqueIdentifier>{1822298d-35d0-490d-8bcf-79e0fcf0c523}</UniqueIdentifier>
    </Filter>
    <Filter Include="02.GameObject\98.GameEffect\13.GridShield">
      <UniqueIdentifier>{c683838d-d085-4466-93af-c93f817f6ede}</UniqueIdentifier>
    </Filter>
    <Filter Include="02.GameObject\98.GameEffect\14.IceDecal">
      <UniqueIdentifier>{b1357b3b-19b7-4b7e-9d49-290c3c50027f}</UniqueIdentifier>
    </Filter>
    <Filter Include="02.GameObject\98.GameEffect\15.IceStorm_m">
      <UniqueIdentifier>{4162480a-db3b-4c27-bd37-d3112a8f0103}</UniqueIdentifier>
    </Filter>
    <Filter Include="02.GameObject\98.GameEffect\16.ParticleEffect">
      <UniqueIdentifier>{38b1aa07-6ed6-454d-a4b7-5f1cbc1b7367}</UniqueIdentifier>
    </Filter>
    <Filter Include="02.GameObject\98.GameEffect\99.Garbage">
      <UniqueIdentifier>{1251c319-13ca-4364-8c4f-74b099faac05}</UniqueIdentifier>
    </Filter>
    <Filter Include="97.Mgr\11.CinemaMgr">
      <UniqueIdentifier>{65fe2c00-1893-423d-8e95-7ca977b3872e}</UniqueIdentifier>
    </Filter>
    <Filter Include="02.GameObject\05.Monster\10.CinemaVergos">
      <UniqueIdentifier>{7054a66a-f83d-461d-b739-603ac76fec9e}</UniqueIdentifier>
    </Filter>
    <Filter Include="02.GameObject\05.Monster\11.Vergos">
      <UniqueIdentifier>{757ac2e0-3ce7-416f-b826-3e60c80ebddd}</UniqueIdentifier>
    </Filter>
    <Filter Include="02.GameObject\99.GameUI\00.GameUIRoot\11.MiniMapCanvas">
      <UniqueIdentifier>{3dfc12ec-a19d-430b-b197-4ea03300d825}</UniqueIdentifier>
    </Filter>
    <Filter Include="02.GameObject\99.GameUI\01.GameUIChild\14.CoolTime">
      <UniqueIdentifier>{2b23d665-33b3-474f-8e77-77ea90e7cf97}</UniqueIdentifier>
    </Filter>
    <Filter Include="02.GameObject\99.GameUI\00.GameUIRoot\12.QuestRequestCanvas">
      <UniqueIdentifier>{f1edc8a7-1414-4599-bf87-f8a44bed20b0}</UniqueIdentifier>
    </Filter>
    <Filter Include="02.GameObject\99.GameUI\01.GameUIChild\15.QuestRequestCanvasChild">
      <UniqueIdentifier>{99be218f-4b76-41ba-a18b-8054ee34a056}</UniqueIdentifier>
    </Filter>
    <Filter Include="02.GameObject\99.GameUI\01.GameUIChild\15.QuestRequestCanvasChild\QuestButtonClose">
      <UniqueIdentifier>{8243411e-9a13-4cec-af0d-4ed56da5a463}</UniqueIdentifier>
    </Filter>
    <Filter Include="02.GameObject\99.GameUI\01.GameUIChild\15.QuestRequestCanvasChild\QuestButtonAccept">
      <UniqueIdentifier>{27639a3f-39dc-437d-86c4-71faabc841c9}</UniqueIdentifier>
    </Filter>
    <Filter Include="97.Mgr\12.QuestMgr">
      <UniqueIdentifier>{e0c2c574-8942-407f-a935-d307788f02c3}</UniqueIdentifier>
    </Filter>
    <Filter Include="02.GameObject\99.GameUI\01.GameUIChild\16.QuestMiniCanvasChild">
      <UniqueIdentifier>{965ab2c6-0c21-4f61-88fe-10d93b5057f5}</UniqueIdentifier>
    </Filter>
    <Filter Include="02.GameObject\99.GameUI\01.GameUIChild\17.QuestMessageCanvas">
      <UniqueIdentifier>{b765ac48-2a69-4520-8129-2a9b4d482592}</UniqueIdentifier>
    </Filter>
    <Filter Include="02.GameObject\99.GameUI\01.GameUIChild\17.QuestMessageCanvas\QuestMessageButtonClose">
      <UniqueIdentifier>{a0fbac1b-475f-458c-a3ae-72005c1ff313}</UniqueIdentifier>
    </Filter>
    <Filter Include="02.GameObject\99.GameUI\01.GameUIChild\17.QuestMessageCanvas\QuestMessageButton">
      <UniqueIdentifier>{5cf19f6e-90c2-43b2-b9a9-ac3a937337ff}</UniqueIdentifier>
    </Filter>
    <Filter Include="02.GameObject\99.GameUI\00.GameUIRoot\13.QuestMessageCanvas">
      <UniqueIdentifier>{44d6e15e-9d8c-4de4-a3c6-dea778d2ca29}</UniqueIdentifier>
    </Filter>
    <Filter Include="02.GameObject\99.GameUI\01.GameUIChild\18.VergosHpGauge">
      <UniqueIdentifier>{de576bde-6fd4-426d-8a5a-80c5129526cd}</UniqueIdentifier>
    </Filter>
    <Filter Include="02.GameObject\99.GameUI\03.NPCMiniMap">
      <UniqueIdentifier>{fb87df6f-a6be-4b2b-89a6-c03aef3109a5}</UniqueIdentifier>
    </Filter>
    <Filter Include="02.GameObject\99.GameUI\04.WarningFrame">
      <UniqueIdentifier>{cff0a3a9-8d5f-4a14-9a57-23eb93b0dd7b}</UniqueIdentifier>
    </Filter>
    <Filter Include="02.GameObject\99.GameUI\05.FadeInOut">
      <UniqueIdentifier>{05a37931-3661-4baf-b15e-ece51ef9d5a9}</UniqueIdentifier>
    </Filter>
  </ItemGroup>
  <ItemGroup>
    <ClInclude Include="Client.h">
      <Filter>99.Etc</Filter>
    </ClInclude>
    <ClInclude Include="Resource.h">
      <Filter>99.Etc</Filter>
    </ClInclude>
    <ClInclude Include="targetver.h">
      <Filter>99.Etc</Filter>
    </ClInclude>
    <ClInclude Include="..\Header\Include.h">
      <Filter>98.Header</Filter>
    </ClInclude>
    <ClInclude Include="..\Header\Macro.h">
      <Filter>98.Header</Filter>
    </ClInclude>
    <ClInclude Include="..\Header\Typedef.h">
      <Filter>98.Header</Filter>
    </ClInclude>
    <ClInclude Include="..\Header\Const.h">
      <Filter>98.Header</Filter>
    </ClInclude>
    <ClInclude Include="..\Code\MainApp.h">
      <Filter>00.MainApp</Filter>
    </ClInclude>
    <ClInclude Include="..\Header\Extern.h">
      <Filter>98.Header</Filter>
    </ClInclude>
    <ClInclude Include="..\Header\Struct.h">
      <Filter>98.Header</Filter>
    </ClInclude>
    <ClInclude Include="..\Code\Scene_Logo.h">
      <Filter>01.Scene\01.Logo</Filter>
    </ClInclude>
    <ClInclude Include="..\Code\Scene_Menu.h">
      <Filter>01.Scene\02.Menu</Filter>
    </ClInclude>
    <ClInclude Include="..\Code\CubeObject.h">
      <Filter>99.Etc\SampleObject\02.CubeObject</Filter>
    </ClInclude>
    <ClInclude Include="..\Code\RectObject.h">
      <Filter>99.Etc\SampleObject\01.RectObject</Filter>
    </ClInclude>
    <ClInclude Include="..\Code\Loading.h">
      <Filter>01.Scene\00.Loading</Filter>
    </ClInclude>
    <ClInclude Include="..\Code\TerrainObject.h">
      <Filter>99.Etc\SampleObject\03.TerrainObject</Filter>
    </ClInclude>
    <ClInclude Include="..\Code\Popori_F.h">
      <Filter>99.Etc\SampleObject\06.Popori_F</Filter>
    </ClInclude>
    <ClInclude Include="..\Code\TextureEffect.h">
      <Filter>99.Etc\SampleObject\07.TextureEffect</Filter>
    </ClInclude>
    <ClInclude Include="..\Code\SkyBox.h">
      <Filter>02.GameObject\01.Environment\00.SkyBox</Filter>
    </ClInclude>
    <ClInclude Include="..\Code\DynamicCamera.h">
      <Filter>96.Camera\01.DynamicCamera</Filter>
    </ClInclude>
    <ClInclude Include="..\Code\DebugCamera.h">
      <Filter>96.Camera\00.DebugCamera</Filter>
    </ClInclude>
    <ClInclude Include="..\Code\LogoBack.h">
      <Filter>01.Scene\01.Logo\00.LogoBack</Filter>
    </ClInclude>
    <ClInclude Include="stdafx.h">
      <Filter>99.Etc</Filter>
    </ClInclude>
    <ClInclude Include="..\Code\StageLDH.h">
      <Filter>01.Scene\99.DebugStage\01.StageLDH</Filter>
    </ClInclude>
    <ClInclude Include="..\Code\StagePJO.h">
      <Filter>01.Scene\99.DebugStage\02.StagePJO</Filter>
    </ClInclude>
    <ClInclude Include="..\Code\StageHSY.h">
      <Filter>01.Scene\99.DebugStage\03.StageHSY</Filter>
    </ClInclude>
    <ClInclude Include="..\Code\ShadowLightMgr.h">
      <Filter>97.Mgr\01.ShadowLightMgr</Filter>
    </ClInclude>
    <ClInclude Include="..\Code\LoadingProgressBack.h">
      <Filter>01.Scene\01.Logo\01.LoadingProgressBack</Filter>
    </ClInclude>
    <ClInclude Include="..\Code\LoadingProgress.h">
      <Filter>01.Scene\01.Logo\02.LoadingProgress</Filter>
    </ClInclude>
    <ClInclude Include="..\Code\Scene_MainStage.h">
      <Filter>01.Scene\03.MainStage</Filter>
    </ClInclude>
    <ClInclude Include="..\Code\DistortionDisk.h" />
    <ClInclude Include="..\Code\TextureDistortion.h">
      <Filter>99.Etc\SampleObject\07.TextureEffect</Filter>
    </ClInclude>
    <ClInclude Include="..\Code\PacketMgr.h">
      <Filter>97.Mgr\00.PacketMgr</Filter>
    </ClInclude>
    <ClInclude Include="..\Header\enum.h">
      <Filter>98.Header</Filter>
    </ClInclude>
    <ClInclude Include="..\Code\TexEffectInstance.h">
      <Filter>99.Etc\SampleObject\12.TexEffectInstance</Filter>
    </ClInclude>
    <ClInclude Include="..\Code\TexDistortionInstance.h">
      <Filter>99.Etc\SampleObject\12.TexEffectInstance</Filter>
    </ClInclude>
    <ClInclude Include="..\Code\TestCollisonObject.h">
      <Filter>99.Etc\SampleObject\13.TestCollisionObject</Filter>
    </ClInclude>
    <ClInclude Include="..\Code\NPC_Merchant.h">
      <Filter>02.GameObject\04.NPC\03.NPC_Merchant</Filter>
    </ClInclude>
    <ClInclude Include="..\Code\DistortionDisk.h">
      <Filter>99.Etc\SampleObject\14.DistortionDisk</Filter>
    </ClInclude>
    <ClInclude Include="..\Code\PacketMgr.h">
      <Filter>97.Mgr\00.PacketMgr</Filter>
    </ClInclude>
    <ClInclude Include="..\Code\GameUIChild.h">
      <Filter>02.GameObject\99.GameUI\01.GameUIChild</Filter>
    </ClInclude>
    <ClInclude Include="..\Code\GameUIRoot.h">
      <Filter>02.GameObject\99.GameUI\00.GameUIRoot</Filter>
    </ClInclude>
    <ClInclude Include="..\Code\CharacterHpGauge.h">
      <Filter>02.GameObject\99.GameUI\01.GameUIChild\00.CharacterClassFrameChild\CharacterHpGauge</Filter>
    </ClInclude>
    <ClInclude Include="..\Header\enum.h">
      <Filter>98.Header</Filter>
    </ClInclude>
    <ClInclude Include="..\Code\CharacterMpGauge.h">
      <Filter>02.GameObject\99.GameUI\01.GameUIChild\00.CharacterClassFrameChild\CharacterMpGauge</Filter>
    </ClInclude>
    <ClInclude Include="..\Code\MainMenuLogout.h">
      <Filter>02.GameObject\99.GameUI\00.GameUIRoot\00.MainMenu\MainMenuLogout</Filter>
    </ClInclude>
    <ClInclude Include="..\Code\MainMenuSetting.h">
      <Filter>02.GameObject\99.GameUI\00.GameUIRoot\00.MainMenu\MainMenuSetting</Filter>
    </ClInclude>
    <ClInclude Include="..\Code\MainMenuInventory.h">
      <Filter>02.GameObject\99.GameUI\00.GameUIRoot\00.MainMenu\MainMenuInventory</Filter>
    </ClInclude>
    <ClInclude Include="..\Code\MainMenuEquipment.h">
      <Filter>02.GameObject\99.GameUI\00.GameUIRoot\00.MainMenu\MainMenuEquipment</Filter>
    </ClInclude>
    <ClInclude Include="..\Code\MouseCursorMgr.h">
      <Filter>97.Mgr\03.MouseCursorMgr</Filter>
    </ClInclude>
    <ClInclude Include="..\Code\TestOthers.h" />
    <ClInclude Include="..\Code\TestPlayer.h" />
    <ClInclude Include="..\Code\TestOthers.h">
      <Filter>99.Etc\SampleObject\10.TestOthers</Filter>
    </ClInclude>
    <ClInclude Include="..\Code\TestPlayer.h">
      <Filter>99.Etc\SampleObject\09.TestPlayer</Filter>
    </ClInclude>
    <ClInclude Include="..\Code\Monster_Normal.h">
      <Filter>99.Etc\SampleObject\15.Monster\00.Monster_Normal</Filter>
    </ClInclude>
    <ClInclude Include="..\Code\SampleNPC.h">
      <Filter>99.Etc\SampleObject\16.SampleNPC</Filter>
    </ClInclude>
    <ClInclude Include="..\Code\TestColPlayer.h">
      <Filter>99.Etc\SampleObject\17.TestColPlayer</Filter>
    </ClInclude>
    <ClInclude Include="..\Code\TestColMonster.h">
      <Filter>99.Etc\SampleObject\18.TestColMonster</Filter>
    </ClInclude>
    <ClInclude Include="..\Code\PCGladiator.h">
      <Filter>02.GameObject\02.PlayerCharacter\00.PCGladiator</Filter>
    </ClInclude>
    <ClInclude Include="..\Code\WaterMeshObject.h">
      <Filter>02.GameObject\01.Environment\02.TerrainMeshObject</Filter>
    </ClInclude>
    <ClInclude Include="..\Code\TerrainMeshObject.h">
      <Filter>02.GameObject\01.Environment\02.TerrainMeshObject</Filter>
    </ClInclude>
    <ClInclude Include="..\Code\Crab.h">
      <Filter>02.GameObject\05.Monster\00.Crab</Filter>
    </ClInclude>
    <ClInclude Include="..\Code\PCWeapon.h">
      <Filter>02.GameObject\03.PCWeapon</Filter>
    </ClInclude>
    <ClInclude Include="..\Code\PCWeaponTwoHand.h">
      <Filter>02.GameObject\03.PCWeapon\00.PCWeaponTwoHand</Filter>
    </ClInclude>
    <ClInclude Include="..\Code\Monkey.h">
      <Filter>02.GameObject\05.Monster\01.Monkey</Filter>
    </ClInclude>
    <ClInclude Include="..\..\..\FrameServer\Server\Header\protocol.h">
      <Filter>98.Header\00.protocol</Filter>
    </ClInclude>
    <ClInclude Include="..\..\..\FrameServer\Server\Header\MonsterAnimation.h">
      <Filter>98.Header\00.protocol</Filter>
    </ClInclude>
    <ClInclude Include="..\..\..\FrameServer\Server\Header\PCWeaponType.h">
      <Filter>98.Header\00.protocol</Filter>
    </ClInclude>
    <ClInclude Include="..\Code\PCOthersGladiator.h">
      <Filter>02.GameObject\02.PlayerCharacter\00.PCGladiator</Filter>
    </ClInclude>
    <ClInclude Include="..\Code\CloderA.h">
      <Filter>02.GameObject\05.Monster\02.CloderA</Filter>
    </ClInclude>
    <ClInclude Include="..\Header\Template.h">
      <Filter>98.Header</Filter>
    </ClInclude>
    <ClInclude Include="..\Header\GladiatorAnimation.h">
      <Filter>02.GameObject\02.PlayerCharacter\00.PCGladiator</Filter>
    </ClInclude>
    <ClInclude Include="..\Code\DrownedSailor.h">
      <Filter>02.GameObject\05.Monster\03.DrownedSailor</Filter>
    </ClInclude>
    <ClInclude Include="..\Code\EffectTrail.h">
      <Filter>02.GameObject\98.GameEffect\01.EffectTrail</Filter>
    </ClInclude>
    <ClInclude Include="..\Code\GiantBeetle.h">
      <Filter>02.GameObject\05.Monster\04.GiantBeetle</Filter>
    </ClInclude>
    <ClInclude Include="..\Code\GiantMonkey.h">
      <Filter>02.GameObject\05.Monster\05.GiantMonkey</Filter>
    </ClInclude>
    <ClInclude Include="..\Code\CraftyArachne.h">
      <Filter>02.GameObject\05.Monster\06.CraftyArachne</Filter>
    </ClInclude>
    <ClInclude Include="..\Code\CollisionTick.h">
      <Filter>02.GameObject\06.CollisionTick</Filter>
    </ClInclude>
    <ClInclude Include="..\Code\InstancePoolMgr.h">
      <Filter>97.Mgr\04.InstancePoolMgr</Filter>
    </ClInclude>
    <ClInclude Include="..\Code\StaticMeshObject.h">
      <Filter>02.GameObject\01.Environment\01.StaticMeshObject</Filter>
    </ClInclude>
    <ClInclude Include="..\..\..\FrameServer\Server\Header\NPCAnimation.h">
      <Filter>98.Header\00.protocol</Filter>
    </ClInclude>
    <ClInclude Include="..\Code\FadeInOut.h">
      <Filter>02.GameObject\99.GameUI\05.FadeInOut</Filter>
    </ClInclude>
    <ClInclude Include="..\Code\WaterFall.h">
      <Filter>02.GameObject\01.Environment\03.WaterFall</Filter>
    </ClInclude>
    <ClInclude Include="..\Code\Portal.h">
      <Filter>02.GameObject\07.Portal</Filter>
    </ClInclude>
    <ClInclude Include="..\Code\NPC_Walker.h">
      <Filter>02.GameObject\04.NPC\00.NPC_Walker</Filter>
    </ClInclude>
    <ClInclude Include="..\Code\MagicCircle.h">
      <Filter>02.GameObject\98.GameEffect\02.MagicCircle</Filter>
    </ClInclude>
    <ClInclude Include="..\Code\NPC_Stander.h">
      <Filter>02.GameObject\04.NPC\02.NPC_Stander</Filter>
    </ClInclude>
    <ClInclude Include="..\Code\NPC_Assistant.h">
      <Filter>02.GameObject\04.NPC\01.NPC_Assistant</Filter>
    </ClInclude>
    <ClInclude Include="..\Code\NPC_Quest.h">
      <Filter>02.GameObject\04.NPC\04.NPC_Quest</Filter>
    </ClInclude>
    <ClInclude Include="..\Code\NPC_Children.h">
      <Filter>02.GameObject\04.NPC\05_NPC_Children</Filter>
    </ClInclude>
    <ClInclude Include="..\Code\ServerMath.h" />
    <ClInclude Include="..\Code\IceStorm.h">
      <Filter>02.GameObject\98.GameEffect\03.IceStorm</Filter>
    </ClInclude>
    <ClInclude Include="..\Code\SnowParticle.h">
      <Filter>02.GameObject\98.GameEffect\04.SnowParticle</Filter>
    </ClInclude>
    <ClInclude Include="..\Code\PublicPlane.h">
      <Filter>02.GameObject\98.GameEffect\99.PublicEffect</Filter>
    </ClInclude>
    <ClInclude Include="..\Code\PublicSphere.h">
      <Filter>02.GameObject\98.GameEffect\99.PublicEffect</Filter>
    </ClInclude>
    <ClInclude Include="..\Code\RainDrop.h">
      <Filter>02.GameObject\98.GameEffect\99.PublicEffect</Filter>
    </ClInclude>
    <ClInclude Include="..\Code\SwordTrail.h">
      <Filter>02.GameObject\98.GameEffect\99.PublicEffect</Filter>
    </ClInclude>
    <ClInclude Include="..\Header\ArcherAnimation.h">
      <Filter>02.GameObject\02.PlayerCharacter\01.PCArcher</Filter>
    </ClInclude>
    <ClInclude Include="..\Header\PriestAnimation.h">
      <Filter>02.GameObject\02.PlayerCharacter\03.PCPriest</Filter>
    </ClInclude>
    <ClInclude Include="..\Code\PCArcher.h">
      <Filter>02.GameObject\02.PlayerCharacter\01.PCArcher</Filter>
    </ClInclude>
    <ClInclude Include="..\Code\PCPriest.h">
      <Filter>02.GameObject\02.PlayerCharacter\03.PCPriest</Filter>
    </ClInclude>
    <ClInclude Include="..\Code\PCWeaponBow.h">
      <Filter>02.GameObject\03.PCWeapon\01.PCWeaponBow</Filter>
    </ClInclude>
    <ClInclude Include="..\Code\ServerMath.h">
      <Filter>97.Mgr\02.ServerMath</Filter>
    </ClInclude>
    <ClInclude Include="..\Code\PCOthersArcher.h">
      <Filter>02.GameObject\02.PlayerCharacter\01.PCArcher</Filter>
    </ClInclude>
    <ClInclude Include="..\Code\PCWeaponRod.h">
      <Filter>02.GameObject\03.PCWeapon\03.PCWeaponRod</Filter>
    </ClInclude>
    <ClInclude Include="..\Code\PCOthersPriest.h">
      <Filter>02.GameObject\02.PlayerCharacter\03.PCPriest</Filter>
    </ClInclude>
    <ClInclude Include="..\Code\CollisionArrow.h">
      <Filter>02.GameObject\06.CollisionTick\CollisionArrow</Filter>
    </ClInclude>
    <ClInclude Include="..\Code\PCSelectBackground.h">
      <Filter>02.GameObject\99.GameUI\00.GameUIRoot\01.PCSelectBackground</Filter>
    </ClInclude>
    <ClInclude Include="..\Code\PCSelectFrame.h">
      <Filter>02.GameObject\99.GameUI\01.GameUIChild\01.PCSelectBackgroundChild\PCSelectFrame</Filter>
    </ClInclude>
    <ClInclude Include="..\Code\PCSelectButton.h">
      <Filter>02.GameObject\99.GameUI\01.GameUIChild\01.PCSelectBackgroundChild\PCSelectButton</Filter>
    </ClInclude>
    <ClInclude Include="..\Code\PCSelectJob.h">
      <Filter>02.GameObject\99.GameUI\01.GameUIChild\01.PCSelectBackgroundChild\PCSelectJop</Filter>
    </ClInclude>
    <ClInclude Include="..\Code\LoginSelectButton.h">
      <Filter>02.GameObject\99.GameUI\00.GameUIRoot\03.LoginSelectButton</Filter>
    </ClInclude>
    <ClInclude Include="..\Code\NormalMonsterHpGauge.h">
      <Filter>02.GameObject\99.GameUI\02.NormalMonsterHpGauge</Filter>
    </ClInclude>
    <ClInclude Include="..\Code\SettingButtonClose.h">
      <Filter>02.GameObject\99.GameUI\01.GameUIChild\03.MainMenuSettingCanvasChild\SettingButtonClose</Filter>
    </ClInclude>
    <ClInclude Include="..\Code\SettingButtonGameExit.h">
      <Filter>02.GameObject\99.GameUI\01.GameUIChild\03.MainMenuSettingCanvasChild\SettingButtonGameExit</Filter>
    </ClInclude>
    <ClInclude Include="..\Code\SettingButtonShaderCheckBox.h">
      <Filter>02.GameObject\99.GameUI\01.GameUIChild\03.MainMenuSettingCanvasChild\SettingButtonShaderCheckBox</Filter>
    </ClInclude>
    <ClInclude Include="..\Code\LogoutButtonClose.h">
      <Filter>02.GameObject\99.GameUI\01.GameUIChild\04.MainMenuLogoutCanvasChild\LogoutButtonClose</Filter>
    </ClInclude>
    <ClInclude Include="..\Code\LogoutButtonChoice.h">
      <Filter>02.GameObject\99.GameUI\01.GameUIChild\04.MainMenuLogoutCanvasChild\LogoutButtonChoice</Filter>
    </ClInclude>
    <ClInclude Include="..\Code\IceStorm_s.h">
      <Filter>02.GameObject\98.GameEffect\05.IceStorm_s</Filter>
    </ClInclude>
    <ClInclude Include="..\Code\FireDecal.h">
      <Filter>02.GameObject\98.GameEffect\06.FireDecal</Filter>
    </ClInclude>
    <ClInclude Include="..\Code\Glowring.h">
      <Filter>02.GameObject\98.GameEffect\07.Glowring</Filter>
    </ClInclude>
    <ClInclude Include="..\Code\EffectMgr.h">
      <Filter>97.Mgr\05.EffectMgr</Filter>
    </ClInclude>
    <ClInclude Include="..\Code\PartySuggestCanvas.h">
      <Filter>02.GameObject\99.GameUI\00.GameUIRoot\04.PartySuggestCanvas</Filter>
    </ClInclude>
    <ClInclude Include="..\Code\PartySuggestResponseCanvas.h">
      <Filter>02.GameObject\99.GameUI\00.GameUIRoot\05.PartySuggestResponseCanvas</Filter>
    </ClInclude>
    <ClInclude Include="..\Code\PartySuggestButton.h">
      <Filter>02.GameObject\99.GameUI\01.GameUIChild\05.PartySuggestCanvasChild</Filter>
    </ClInclude>
    <ClInclude Include="..\Code\PartySystemMgr.h">
      <Filter>97.Mgr\06.PartySystemMgr</Filter>
    </ClInclude>
    <ClInclude Include="..\Code\PartyLeaveButton.h">
      <Filter>02.GameObject\99.GameUI\01.GameUIChild\07.PartyLeaveButton</Filter>
    </ClInclude>
    <ClInclude Include="..\Code\PartySystemMessageCanvas.h">
      <Filter>02.GameObject\99.GameUI\00.GameUIRoot\06.PartySystemMessageCanvas</Filter>
    </ClInclude>
    <ClInclude Include="..\Code\PartyInfoListCanvas.h">
      <Filter>02.GameObject\99.GameUI\00.GameUIRoot\07.PartyInfoListCanvas</Filter>
    </ClInclude>
    <ClInclude Include="..\Code\PartySuggestResponseChoice.h">
      <Filter>02.GameObject\99.GameUI\01.GameUIChild\06.PartySuggestResponseCanvasChild\PartySuggestResponseChoice</Filter>
    </ClInclude>
    <ClInclude Include="..\Code\PartySuggestResponseClose.h">
      <Filter>02.GameObject\99.GameUI\01.GameUIChild\06.PartySuggestResponseCanvasChild\PartySuggestResponseClose</Filter>
    </ClInclude>
    <ClInclude Include="..\Code\PartyUIClassInfo.h">
      <Filter>02.GameObject\99.GameUI\01.GameUIChild\08.PartyInfoListCanvasChild\PartyUIClassInfo</Filter>
    </ClInclude>
    <ClInclude Include="..\Code\PartyUIHpGauge.h">
      <Filter>02.GameObject\99.GameUI\01.GameUIChild\08.PartyInfoListCanvasChild\PartyUIHpGauge</Filter>
    </ClInclude>
    <ClInclude Include="..\Code\PartyUIMpGauge.h">
      <Filter>02.GameObject\99.GameUI\01.GameUIChild\08.PartyInfoListCanvasChild\PartyUIMpGauge</Filter>
    </ClInclude>
    <ClInclude Include="..\Code\ChattingCanvas.h">
      <Filter>02.GameObject\99.GameUI\00.GameUIRoot\08.ChattingCanvas</Filter>
    </ClInclude>
    <ClInclude Include="..\Code\ChattingInput.h">
      <Filter>02.GameObject\99.GameUI\01.GameUIChild\09.ChattingCanvasChild\ChattingInput</Filter>
    </ClInclude>
    <ClInclude Include="..\Code\ChattingCursor.h">
      <Filter>02.GameObject\99.GameUI\01.GameUIChild\09.ChattingCanvasChild\ChattingCursor</Filter>
    </ClInclude>
    <ClInclude Include="..\Code\ChattingMgr.h">
      <Filter>97.Mgr\07.ChattingMgr</Filter>
    </ClInclude>
    <ClInclude Include="..\Code\NPCMiniMap.h">
      <Filter>02.GameObject\99.GameUI\03.NPCMiniMap</Filter>
    </ClInclude>
    <ClInclude Include="..\Code\WarningFrame.h">
      <Filter>02.GameObject\99.GameUI\04.WarningFrame</Filter>
    </ClInclude>
    <ClInclude Include="..\Code\InventoryCanvas.h">
      <Filter>02.GameObject\99.GameUI\00.GameUIRoot\00.MainMenu\MainMenuInventory</Filter>
    </ClInclude>
    <ClInclude Include="..\Code\InventoryButtonClose.h">
      <Filter>02.GameObject\99.GameUI\01.GameUIChild\10.InventoryCanvasChild\InventoryButtonClose</Filter>
    </ClInclude>
    <ClInclude Include="..\Code\InventoryItemSlot.h">
      <Filter>02.GameObject\99.GameUI\01.GameUIChild\10.InventoryCanvasChild\InventoryItemSlot</Filter>
    </ClInclude>
    <ClInclude Include="..\Code\MainMenuLogoutCanvas.h">
      <Filter>02.GameObject\99.GameUI\00.GameUIRoot\00.MainMenu\MainMenuLogout</Filter>
    </ClInclude>
    <ClInclude Include="..\Code\MainMenuSettingCanvas.h">
      <Filter>02.GameObject\99.GameUI\00.GameUIRoot\00.MainMenu\MainMenuSetting</Filter>
    </ClInclude>
    <ClInclude Include="..\Code\InventoryEquipmentMgr.h">
      <Filter>97.Mgr\08.InventoryEquimentMgr</Filter>
    </ClInclude>
    <ClInclude Include="..\Code\EquipmentCanvas.h">
      <Filter>02.GameObject\99.GameUI\00.GameUIRoot\00.MainMenu\MainMenuEquipment</Filter>
    </ClInclude>
    <ClInclude Include="..\Code\EquipmentButtonClose.h">
      <Filter>02.GameObject\99.GameUI\01.GameUIChild\11.EquipmentCanvasChild\EquipmentButtonClose</Filter>
    </ClInclude>
    <ClInclude Include="..\Code\EquipmentItemSlot.h">
      <Filter>02.GameObject\99.GameUI\01.GameUIChild\11.EquipmentCanvasChild\EquipmentItemSlot</Filter>
    </ClInclude>
    <ClInclude Include="..\Code\InventorySwapSlot.h">
      <Filter>02.GameObject\99.GameUI\00.GameUIRoot\00.MainMenu\MainMenuInventory</Filter>
    </ClInclude>
    <ClInclude Include="..\Code\LoginIDBackground.h">
      <Filter>02.GameObject\99.GameUI\00.GameUIRoot\02.LoginIDBackground</Filter>
    </ClInclude>
    <ClInclude Include="..\Code\LoginIDInputString.h">
      <Filter>02.GameObject\99.GameUI\01.GameUIChild\02.LoginIDBackgroundChild\LoginIDInputString</Filter>
    </ClInclude>
    <ClInclude Include="..\Code\LoginIDFont.h">
      <Filter>02.GameObject\99.GameUI\01.GameUIChild\02.LoginIDBackgroundChild\LoginIDFont</Filter>
    </ClInclude>
    <ClInclude Include="..\Code\LoginIDButton.h">
      <Filter>02.GameObject\99.GameUI\01.GameUIChild\02.LoginIDBackgroundChild\LoginIDButton</Filter>
    </ClInclude>
    <ClInclude Include="..\Code\StoreMgr.h">
      <Filter>97.Mgr\09.StoreMgr</Filter>
    </ClInclude>
    <ClInclude Include="..\Code\InGameStoreCanvas.h">
      <Filter>02.GameObject\99.GameUI\00.GameUIRoot\09.InGameStoreCanvas</Filter>
    </ClInclude>
    <ClInclude Include="..\Code\StoreButtonCalculate.h">
      <Filter>02.GameObject\99.GameUI\01.GameUIChild\12.InGameStoreCanvasChild\StoreButtonCalculate</Filter>
    </ClInclude>
    <ClInclude Include="..\Code\StoreButtonClose.h">
      <Filter>02.GameObject\99.GameUI\01.GameUIChild\12.InGameStoreCanvasChild\StoreButtonClose</Filter>
    </ClInclude>
    <ClInclude Include="..\Code\StoreBuyListSlot.h">
      <Filter>02.GameObject\99.GameUI\01.GameUIChild\12.InGameStoreCanvasChild\StoreBuyListSlot</Filter>
    </ClInclude>
    <ClInclude Include="..\Code\StoreBuySellList.h">
      <Filter>02.GameObject\99.GameUI\01.GameUIChild\12.InGameStoreCanvasChild\StoreBuySellList</Filter>
    </ClInclude>
    <ClInclude Include="..\Code\StoreBuySellListBack.h">
      <Filter>02.GameObject\99.GameUI\01.GameUIChild\12.InGameStoreCanvasChild\StoreBuySellListBack</Filter>
    </ClInclude>
    <ClInclude Include="..\Code\StoreItemSlot.h">
      <Filter>02.GameObject\99.GameUI\01.GameUIChild\12.InGameStoreCanvasChild\StoreItemSlot</Filter>
    </ClInclude>
    <ClInclude Include="..\Code\StoreItemSlotBack.h">
      <Filter>02.GameObject\99.GameUI\01.GameUIChild\12.InGameStoreCanvasChild\StoreItemSlotBack</Filter>
    </ClInclude>
    <ClInclude Include="..\Code\StoreSellListSlot.h">
      <Filter>02.GameObject\99.GameUI\01.GameUIChild\12.InGameStoreCanvasChild\StoreSellListSlot</Filter>
    </ClInclude>
    <ClInclude Include="..\Code\StoreTab.h">
      <Filter>02.GameObject\99.GameUI\01.GameUIChild\12.InGameStoreCanvasChild\StoreTab</Filter>
    </ClInclude>
    <ClInclude Include="..\..\..\FrameServer\Server\Header\item_Protocol.h">
      <Filter>98.Header\00.protocol</Filter>
    </ClInclude>
    <ClInclude Include="..\Code\QuickSlot.h">
      <Filter>02.GameObject\99.GameUI\01.GameUIChild\13.QuickSlot</Filter>
    </ClInclude>
    <ClInclude Include="..\Code\QuickSlotMgr.h">
      <Filter>97.Mgr\10.QuickSlotMgr</Filter>
    </ClInclude>
    <ClInclude Include="..\Code\QuickSlotSwapSlot.h">
      <Filter>02.GameObject\99.GameUI\00.GameUIRoot\10.QuickSlotSwapSlot</Filter>
    </ClInclude>
    <ClInclude Include="..\Code\Lakan.h">
      <Filter>02.GameObject\05.Monster\07.Lakan</Filter>
    </ClInclude>
    <ClInclude Include="..\Code\PrionBerserker.h">
      <Filter>02.GameObject\05.Monster\08.PrionBerserker</Filter>
    </ClInclude>
    <ClInclude Include="..\Code\PrionBerserkerBoss.h">
      <Filter>02.GameObject\05.Monster\09.PrionBerserkerBoss</Filter>
    </ClInclude>
    <ClInclude Include="..\Code\DmgFont.h">
      <Filter>02.GameObject\98.GameEffect\00.DmgFont</Filter>
    </ClInclude>
    <ClInclude Include="..\Code\EffectShield.h">
      <Filter>02.GameObject\98.GameEffect\08.PriestShield</Filter>
    </ClInclude>
    <ClInclude Include="..\Code\DistTrail.h">
      <Filter>02.GameObject\98.GameEffect\09.DistTrail%28ArcherSkill5%29</Filter>
    </ClInclude>
    <ClInclude Include="..\Code\FireRing.h">
      <Filter>02.GameObject\98.GameEffect\10.FireRing</Filter>
    </ClInclude>
    <ClInclude Include="..\Code\FrameMesh.h">
      <Filter>02.GameObject\98.GameEffect\10.FireRing</Filter>
    </ClInclude>
    <ClInclude Include="..\Code\SwordEffect.h">
      <Filter>02.GameObject\98.GameEffect\11.SwordEffect</Filter>
    </ClInclude>
    <ClInclude Include="..\Code\SwordEffect_s.h">
      <Filter>02.GameObject\98.GameEffect\12.SwordEffect_s</Filter>
    </ClInclude>
    <ClInclude Include="..\Code\GridShieldEffect.h">
      <Filter>02.GameObject\98.GameEffect\13.GridShield</Filter>
    </ClInclude>
    <ClInclude Include="..\Code\IceDecal.h">
      <Filter>02.GameObject\98.GameEffect\14.IceDecal</Filter>
    </ClInclude>
    <ClInclude Include="..\Code\IceStorm_m.h">
      <Filter>02.GameObject\98.GameEffect\15.IceStorm_m</Filter>
    </ClInclude>
    <ClInclude Include="..\Code\ParticleEffect.h">
      <Filter>02.GameObject\98.GameEffect\16.ParticleEffect</Filter>
    </ClInclude>
    <ClInclude Include="..\Code\LightingParticle.h">
      <Filter>02.GameObject\98.GameEffect\99.Garbage</Filter>
    </ClInclude>
    <ClInclude Include="..\Code\MagicCircleGlow.h">
      <Filter>02.GameObject\98.GameEffect\99.Garbage</Filter>
    </ClInclude>
    <ClInclude Include="..\Code\SwordTrailEffect.h">
      <Filter>02.GameObject\98.GameEffect\99.Garbage</Filter>
    </ClInclude>
    <ClInclude Include="..\Code\CinemaMgr.h">
      <Filter>97.Mgr\11.CinemaMgr</Filter>
    </ClInclude>
    <ClInclude Include="..\Code\EffectAxe.h">
      <Filter>02.GameObject\98.GameEffect\08.PriestShield</Filter>
    </ClInclude>
    <ClInclude Include="..\Code\CinemaVergos.h">
      <Filter>02.GameObject\05.Monster\10.CinemaVergos</Filter>
    </ClInclude>
    <ClInclude Include="..\Code\Vergos.h">
      <Filter>02.GameObject\05.Monster\11.Vergos</Filter>
    </ClInclude>
    <ClInclude Include="..\Code\MeshParticleEffect.h">
      <Filter>02.GameObject\98.GameEffect</Filter>
    </ClInclude>
    <ClInclude Include="..\Code\DragonEffect.h">
      <Filter>02.GameObject\98.GameEffect</Filter>
    </ClInclude>
    <ClInclude Include="..\Code\MiniMapCanvas.h">
      <Filter>02.GameObject\99.GameUI\00.GameUIRoot\11.MiniMapCanvas</Filter>
    </ClInclude>
    <ClInclude Include="..\Code\CoolTime.h">
      <Filter>02.GameObject\99.GameUI\01.GameUIChild\14.CoolTime</Filter>
    </ClInclude>
    <ClInclude Include="..\Code\QuestRequestCanvas.h">
      <Filter>02.GameObject\99.GameUI\00.GameUIRoot\12.QuestRequestCanvas</Filter>
    </ClInclude>
    <ClInclude Include="..\Code\QuestButtonAccept.h">
      <Filter>02.GameObject\99.GameUI\01.GameUIChild\15.QuestRequestCanvasChild\QuestButtonAccept</Filter>
    </ClInclude>
    <ClInclude Include="..\Code\QuestButtonClose.h">
      <Filter>02.GameObject\99.GameUI\01.GameUIChild\15.QuestRequestCanvasChild\QuestButtonClose</Filter>
    </ClInclude>
    <ClInclude Include="..\Code\QuestMgr.h">
      <Filter>97.Mgr\12.QuestMgr</Filter>
    </ClInclude>
    <ClInclude Include="..\Code\QuestComplete.h">
      <Filter>02.GameObject\99.GameUI\01.GameUIChild\16.QuestMiniCanvasChild</Filter>
    </ClInclude>
    <ClInclude Include="..\Code\QuestMessageButton.h">
      <Filter>02.GameObject\99.GameUI\01.GameUIChild\17.QuestMessageCanvas\QuestMessageButton</Filter>
    </ClInclude>
    <ClInclude Include="..\Code\QuestMessageButtonClose.h">
      <Filter>02.GameObject\99.GameUI\01.GameUIChild\17.QuestMessageCanvas\QuestMessageButtonClose</Filter>
    </ClInclude>
    <ClInclude Include="..\Code\QuestMessageCanvas.h">
      <Filter>02.GameObject\99.GameUI\00.GameUIRoot\13.QuestMessageCanvas</Filter>
    </ClInclude>
    <ClInclude Include="..\Code\WarningGround.h">
      <Filter>99.Etc</Filter>
    </ClInclude>
    <ClInclude Include="..\Code\RectDecal.h" />
    <ClInclude Include="..\Code\DirParticleEffect.h">
      <Filter>02.GameObject\98.GameEffect\16.ParticleEffect</Filter>
    </ClInclude>
    <ClInclude Include="..\Code\BreathEffect.h">
      <Filter>02.GameObject\98.GameEffect\99.Garbage</Filter>
    </ClInclude>
    <ClInclude Include="..\Code\VergosHpGauge.h">
      <Filter>02.GameObject\99.GameUI\01.GameUIChild\18.VergosHpGauge</Filter>
    </ClInclude>
  </ItemGroup>
  <ItemGroup>
    <ClCompile Include="Client.cpp">
      <Filter>99.Etc</Filter>
    </ClCompile>
    <ClCompile Include="stdafx.cpp">
      <Filter>99.Etc</Filter>
    </ClCompile>
    <ClCompile Include="..\Code\MainApp.cpp">
      <Filter>00.MainApp</Filter>
    </ClCompile>
    <ClCompile Include="..\Code\Scene_Logo.cpp">
      <Filter>01.Scene\01.Logo</Filter>
    </ClCompile>
    <ClCompile Include="..\Code\Scene_Menu.cpp">
      <Filter>01.Scene\02.Menu</Filter>
    </ClCompile>
    <ClCompile Include="..\Code\CubeObject.cpp">
      <Filter>99.Etc\SampleObject\02.CubeObject</Filter>
    </ClCompile>
    <ClCompile Include="..\Code\RectObject.cpp">
      <Filter>99.Etc\SampleObject\01.RectObject</Filter>
    </ClCompile>
    <ClCompile Include="..\Code\Loading.cpp">
      <Filter>01.Scene\00.Loading</Filter>
    </ClCompile>
    <ClCompile Include="..\Code\TerrainObject.cpp">
      <Filter>99.Etc\SampleObject\03.TerrainObject</Filter>
    </ClCompile>
    <ClCompile Include="..\Code\Popori_F.cpp">
      <Filter>99.Etc\SampleObject\06.Popori_F</Filter>
    </ClCompile>
    <ClCompile Include="..\Code\TextureEffect.cpp">
      <Filter>99.Etc\SampleObject\07.TextureEffect</Filter>
    </ClCompile>
    <ClCompile Include="..\Code\SkyBox.cpp">
      <Filter>02.GameObject\01.Environment\00.SkyBox</Filter>
    </ClCompile>
    <ClCompile Include="..\Code\DynamicCamera.cpp">
      <Filter>96.Camera\01.DynamicCamera</Filter>
    </ClCompile>
    <ClCompile Include="..\Code\DebugCamera.cpp">
      <Filter>96.Camera\00.DebugCamera</Filter>
    </ClCompile>
    <ClCompile Include="..\Code\LogoBack.cpp">
      <Filter>01.Scene\01.Logo\00.LogoBack</Filter>
    </ClCompile>
    <ClCompile Include="..\Code\StageLDH.cpp">
      <Filter>01.Scene\99.DebugStage\01.StageLDH</Filter>
    </ClCompile>
    <ClCompile Include="..\Code\StagePJO.cpp">
      <Filter>01.Scene\99.DebugStage\02.StagePJO</Filter>
    </ClCompile>
    <ClCompile Include="..\Code\StageHSY.cpp">
      <Filter>01.Scene\99.DebugStage\03.StageHSY</Filter>
    </ClCompile>
    <ClCompile Include="..\Code\ShadowLightMgr.cpp">
      <Filter>97.Mgr\01.ShadowLightMgr</Filter>
    </ClCompile>
    <ClCompile Include="..\Code\LoadingProgressBack.cpp">
      <Filter>01.Scene\01.Logo\01.LoadingProgressBack</Filter>
    </ClCompile>
    <ClCompile Include="..\Code\LoadingProgress.cpp">
      <Filter>01.Scene\01.Logo\02.LoadingProgress</Filter>
    </ClCompile>
    <ClCompile Include="..\Code\Scene_MainStage.cpp">
      <Filter>01.Scene\03.MainStage</Filter>
    </ClCompile>
    <ClCompile Include="..\Code\DistortionDisk.cpp" />
    <ClCompile Include="..\Code\TextureDistortion.cpp">
      <Filter>99.Etc\SampleObject\07.TextureEffect</Filter>
    </ClCompile>
    <ClCompile Include="..\Code\PacketMgr.cpp">
      <Filter>97.Mgr\00.PacketMgr</Filter>
    </ClCompile>
    <ClCompile Include="..\Code\TexEffectInstance.cpp">
      <Filter>99.Etc\SampleObject\12.TexEffectInstance</Filter>
    </ClCompile>
    <ClCompile Include="..\Code\TexDistortionInstance.cpp">
      <Filter>99.Etc\SampleObject\12.TexEffectInstance</Filter>
    </ClCompile>
    <ClCompile Include="..\Code\TestCollisonObject.cpp">
      <Filter>99.Etc\SampleObject\13.TestCollisionObject</Filter>
    </ClCompile>
    <ClCompile Include="..\Code\NPC_Merchant.cpp">
      <Filter>02.GameObject\04.NPC\03.NPC_Merchant</Filter>
    </ClCompile>
    <ClCompile Include="..\Code\DistortionDisk.cpp">
      <Filter>99.Etc\SampleObject\14.DistortionDisk</Filter>
    </ClCompile>
    <ClCompile Include="..\Code\PacketMgr.cpp">
      <Filter>97.Mgr\00.PacketMgr</Filter>
    </ClCompile>
    <ClCompile Include="..\Code\GameUIChild.cpp">
      <Filter>02.GameObject\99.GameUI\01.GameUIChild</Filter>
    </ClCompile>
    <ClCompile Include="..\Code\GameUIRoot.cpp">
      <Filter>02.GameObject\99.GameUI\00.GameUIRoot</Filter>
    </ClCompile>
    <ClCompile Include="..\Code\CharacterHpGauge.cpp">
      <Filter>02.GameObject\99.GameUI\01.GameUIChild\00.CharacterClassFrameChild\CharacterHpGauge</Filter>
    </ClCompile>
    <ClCompile Include="..\Code\CharacterMpGauge.cpp">
      <Filter>02.GameObject\99.GameUI\01.GameUIChild\00.CharacterClassFrameChild\CharacterMpGauge</Filter>
    </ClCompile>
    <ClCompile Include="..\Code\MainMenuLogout.cpp">
      <Filter>02.GameObject\99.GameUI\00.GameUIRoot\00.MainMenu\MainMenuLogout</Filter>
    </ClCompile>
    <ClCompile Include="..\Code\MainMenuSetting.cpp">
      <Filter>02.GameObject\99.GameUI\00.GameUIRoot\00.MainMenu\MainMenuSetting</Filter>
    </ClCompile>
    <ClCompile Include="..\Code\MainMenuInventory.cpp">
      <Filter>02.GameObject\99.GameUI\00.GameUIRoot\00.MainMenu\MainMenuInventory</Filter>
    </ClCompile>
    <ClCompile Include="..\Code\MainMenuEquipment.cpp">
      <Filter>02.GameObject\99.GameUI\00.GameUIRoot\00.MainMenu\MainMenuEquipment</Filter>
    </ClCompile>
    <ClCompile Include="..\Code\MouseCursorMgr.cpp">
      <Filter>97.Mgr\03.MouseCursorMgr</Filter>
    </ClCompile>
    <ClCompile Include="..\Code\TestOthers.cpp" />
    <ClCompile Include="..\Code\TestPlayer.cpp" />
    <ClCompile Include="..\Code\TestOthers.cpp">
      <Filter>99.Etc\SampleObject\10.TestOthers</Filter>
    </ClCompile>
    <ClCompile Include="..\Code\TestPlayer.cpp">
      <Filter>99.Etc\SampleObject\09.TestPlayer</Filter>
    </ClCompile>
    <ClCompile Include="..\Code\Monster_Normal.cpp">
      <Filter>99.Etc\SampleObject\15.Monster\00.Monster_Normal</Filter>
    </ClCompile>
    <ClCompile Include="..\Code\SampleNPC.cpp">
      <Filter>99.Etc\SampleObject\16.SampleNPC</Filter>
    </ClCompile>
    <ClCompile Include="..\Code\TestColPlayer.cpp">
      <Filter>99.Etc\SampleObject\17.TestColPlayer</Filter>
    </ClCompile>
    <ClCompile Include="..\Code\TestColMonster.cpp">
      <Filter>99.Etc\SampleObject\18.TestColMonster</Filter>
    </ClCompile>
    <ClCompile Include="..\Code\PCGladiator.cpp">
      <Filter>02.GameObject\02.PlayerCharacter\00.PCGladiator</Filter>
    </ClCompile>
    <ClCompile Include="..\Code\WaterMeshObject.cpp">
      <Filter>02.GameObject\01.Environment\02.TerrainMeshObject</Filter>
    </ClCompile>
    <ClCompile Include="..\Code\TerrainMeshObject.cpp">
      <Filter>02.GameObject\01.Environment\02.TerrainMeshObject</Filter>
    </ClCompile>
    <ClCompile Include="..\Code\Crab.cpp">
      <Filter>02.GameObject\05.Monster\00.Crab</Filter>
    </ClCompile>
    <ClCompile Include="..\Code\PCWeapon.cpp">
      <Filter>02.GameObject\03.PCWeapon</Filter>
    </ClCompile>
    <ClCompile Include="..\Code\PCWeaponTwoHand.cpp">
      <Filter>02.GameObject\03.PCWeapon\00.PCWeaponTwoHand</Filter>
    </ClCompile>
    <ClCompile Include="..\Code\Monkey.cpp">
      <Filter>02.GameObject\05.Monster\01.Monkey</Filter>
    </ClCompile>
    <ClCompile Include="..\Code\PCOthersGladiator.cpp">
      <Filter>02.GameObject\02.PlayerCharacter\00.PCGladiator</Filter>
    </ClCompile>
    <ClCompile Include="..\Code\CloderA.cpp">
      <Filter>02.GameObject\05.Monster\02.CloderA</Filter>
    </ClCompile>
    <ClCompile Include="..\Code\DrownedSailor.cpp">
      <Filter>02.GameObject\05.Monster\03.DrownedSailor</Filter>
    </ClCompile>
    <ClCompile Include="..\Code\EffectTrail.cpp">
      <Filter>02.GameObject\98.GameEffect\01.EffectTrail</Filter>
    </ClCompile>
    <ClCompile Include="..\Code\GiantBeetle.cpp">
      <Filter>02.GameObject\05.Monster\04.GiantBeetle</Filter>
    </ClCompile>
    <ClCompile Include="..\Code\GiantMonkey.cpp">
      <Filter>02.GameObject\05.Monster\05.GiantMonkey</Filter>
    </ClCompile>
    <ClCompile Include="..\Code\CraftyArachne.cpp">
      <Filter>02.GameObject\05.Monster\06.CraftyArachne</Filter>
    </ClCompile>
    <ClCompile Include="..\Code\CollisionTick.cpp">
      <Filter>02.GameObject\06.CollisionTick</Filter>
    </ClCompile>
    <ClCompile Include="..\Code\InstancePoolMgr.cpp">
      <Filter>97.Mgr\04.InstancePoolMgr</Filter>
    </ClCompile>
    <ClCompile Include="..\Code\StaticMeshObject.cpp">
      <Filter>02.GameObject\01.Environment\01.StaticMeshObject</Filter>
    </ClCompile>
    <ClCompile Include="..\Code\FadeInOut.cpp">
      <Filter>02.GameObject\99.GameUI\05.FadeInOut</Filter>
    </ClCompile>
    <ClCompile Include="..\Code\WaterFall.cpp">
      <Filter>02.GameObject\01.Environment\03.WaterFall</Filter>
    </ClCompile>
    <ClCompile Include="..\Code\Portal.cpp">
      <Filter>02.GameObject\07.Portal</Filter>
    </ClCompile>
    <ClCompile Include="..\Code\NPC_Walker.cpp">
      <Filter>02.GameObject\04.NPC\00.NPC_Walker</Filter>
    </ClCompile>
    <ClCompile Include="..\Code\MagicCircle.cpp">
      <Filter>02.GameObject\98.GameEffect\02.MagicCircle</Filter>
    </ClCompile>
    <ClCompile Include="..\Code\NPC_Stander.cpp">
      <Filter>02.GameObject\04.NPC\02.NPC_Stander</Filter>
    </ClCompile>
    <ClCompile Include="..\Code\NPC_Assistant.cpp">
      <Filter>02.GameObject\04.NPC\01.NPC_Assistant</Filter>
    </ClCompile>
    <ClCompile Include="..\Code\NPC_Quest.cpp">
      <Filter>02.GameObject\04.NPC\04.NPC_Quest</Filter>
    </ClCompile>
    <ClCompile Include="..\Code\NPC_Children.cpp">
      <Filter>02.GameObject\04.NPC\05_NPC_Children</Filter>
    </ClCompile>
    <ClCompile Include="..\Code\ServerMath.cpp" />
    <ClCompile Include="..\Code\IceStorm.cpp">
      <Filter>02.GameObject\98.GameEffect\03.IceStorm</Filter>
    </ClCompile>
    <ClCompile Include="..\Code\SnowParticle.cpp">
      <Filter>02.GameObject\98.GameEffect\04.SnowParticle</Filter>
    </ClCompile>
    <ClCompile Include="..\Code\PublicPlane.cpp">
      <Filter>02.GameObject\98.GameEffect\99.PublicEffect</Filter>
    </ClCompile>
    <ClCompile Include="..\Code\PublicSphere.cpp">
      <Filter>02.GameObject\98.GameEffect\99.PublicEffect</Filter>
    </ClCompile>
    <ClCompile Include="..\Code\RainDrop.cpp">
      <Filter>02.GameObject\98.GameEffect\99.PublicEffect</Filter>
    </ClCompile>
    <ClCompile Include="..\Code\SwordTrail.cpp">
      <Filter>02.GameObject\98.GameEffect\99.PublicEffect</Filter>
    </ClCompile>
    <ClCompile Include="..\Code\PCArcher.cpp">
      <Filter>02.GameObject\02.PlayerCharacter\01.PCArcher</Filter>
    </ClCompile>
    <ClCompile Include="..\Code\PCPriest.cpp">
      <Filter>02.GameObject\02.PlayerCharacter\03.PCPriest</Filter>
    </ClCompile>
    <ClCompile Include="..\Code\PCWeaponBow.cpp">
      <Filter>02.GameObject\03.PCWeapon\01.PCWeaponBow</Filter>
    </ClCompile>
    <ClCompile Include="..\Code\ServerMath.cpp">
      <Filter>97.Mgr\02.ServerMath</Filter>
    </ClCompile>
    <ClCompile Include="..\Code\PCOthersArcher.cpp">
      <Filter>02.GameObject\02.PlayerCharacter\01.PCArcher</Filter>
    </ClCompile>
    <ClCompile Include="..\Code\PCWeaponRod.cpp">
      <Filter>02.GameObject\03.PCWeapon\03.PCWeaponRod</Filter>
    </ClCompile>
    <ClCompile Include="..\Code\PCOthersPriest.cpp">
      <Filter>02.GameObject\02.PlayerCharacter\03.PCPriest</Filter>
    </ClCompile>
    <ClCompile Include="..\Code\CollisionArrow.cpp">
      <Filter>02.GameObject\06.CollisionTick\CollisionArrow</Filter>
    </ClCompile>
    <ClCompile Include="..\Code\PCSelectBackground.cpp">
      <Filter>02.GameObject\99.GameUI\00.GameUIRoot\01.PCSelectBackground</Filter>
    </ClCompile>
    <ClCompile Include="..\Code\PCSelectFrame.cpp">
      <Filter>02.GameObject\99.GameUI\01.GameUIChild\01.PCSelectBackgroundChild\PCSelectFrame</Filter>
    </ClCompile>
    <ClCompile Include="..\Code\PCSelectButton.cpp">
      <Filter>02.GameObject\99.GameUI\01.GameUIChild\01.PCSelectBackgroundChild\PCSelectButton</Filter>
    </ClCompile>
    <ClCompile Include="..\Code\PCSelectJob.cpp">
      <Filter>02.GameObject\99.GameUI\01.GameUIChild\01.PCSelectBackgroundChild\PCSelectJop</Filter>
    </ClCompile>
    <ClCompile Include="..\Code\LoginSelectButton.cpp">
      <Filter>02.GameObject\99.GameUI\00.GameUIRoot\03.LoginSelectButton</Filter>
    </ClCompile>
    <ClCompile Include="..\Code\NormalMonsterHpGauge.cpp">
      <Filter>02.GameObject\99.GameUI\02.NormalMonsterHpGauge</Filter>
    </ClCompile>
    <ClCompile Include="..\Code\SettingButtonClose.cpp">
      <Filter>02.GameObject\99.GameUI\01.GameUIChild\03.MainMenuSettingCanvasChild\SettingButtonClose</Filter>
    </ClCompile>
    <ClCompile Include="..\Code\SettingButtonGameExit.cpp">
      <Filter>02.GameObject\99.GameUI\01.GameUIChild\03.MainMenuSettingCanvasChild\SettingButtonGameExit</Filter>
    </ClCompile>
    <ClCompile Include="..\Code\SettingButtonShaderCheckBox.cpp">
      <Filter>02.GameObject\99.GameUI\01.GameUIChild\03.MainMenuSettingCanvasChild\SettingButtonShaderCheckBox</Filter>
    </ClCompile>
    <ClCompile Include="..\Code\LogoutButtonClose.cpp">
      <Filter>02.GameObject\99.GameUI\01.GameUIChild\04.MainMenuLogoutCanvasChild\LogoutButtonClose</Filter>
    </ClCompile>
    <ClCompile Include="..\Code\LogoutButtonChoice.cpp">
      <Filter>02.GameObject\99.GameUI\01.GameUIChild\04.MainMenuLogoutCanvasChild\LogoutButtonChoice</Filter>
    </ClCompile>
    <ClCompile Include="..\Code\IceStorm_s.cpp">
      <Filter>02.GameObject\98.GameEffect\05.IceStorm_s</Filter>
    </ClCompile>
    <ClCompile Include="..\Code\FireDecal.cpp">
      <Filter>02.GameObject\98.GameEffect\06.FireDecal</Filter>
    </ClCompile>
    <ClCompile Include="..\Code\Glowring.cpp">
      <Filter>02.GameObject\98.GameEffect\07.Glowring</Filter>
    </ClCompile>
    <ClCompile Include="..\Code\EffectMgr.cpp">
      <Filter>97.Mgr\05.EffectMgr</Filter>
    </ClCompile>
    <ClCompile Include="..\Code\PartySuggestCanvas.cpp">
      <Filter>02.GameObject\99.GameUI\00.GameUIRoot\04.PartySuggestCanvas</Filter>
    </ClCompile>
    <ClCompile Include="..\Code\PartySuggestResponseCanvas.cpp">
      <Filter>02.GameObject\99.GameUI\00.GameUIRoot\05.PartySuggestResponseCanvas</Filter>
    </ClCompile>
    <ClCompile Include="..\Code\PartySuggestButton.cpp">
      <Filter>02.GameObject\99.GameUI\01.GameUIChild\05.PartySuggestCanvasChild</Filter>
    </ClCompile>
    <ClCompile Include="..\Code\PartySystemMgr.cpp">
      <Filter>97.Mgr\06.PartySystemMgr</Filter>
    </ClCompile>
    <ClCompile Include="..\Code\PartyLeaveButton.cpp">
      <Filter>02.GameObject\99.GameUI\01.GameUIChild\07.PartyLeaveButton</Filter>
    </ClCompile>
    <ClCompile Include="..\Code\PartySystemMessageCanvas.cpp">
      <Filter>02.GameObject\99.GameUI\00.GameUIRoot\06.PartySystemMessageCanvas</Filter>
    </ClCompile>
    <ClCompile Include="..\Code\PartyInfoListCanvas.cpp">
      <Filter>02.GameObject\99.GameUI\00.GameUIRoot\07.PartyInfoListCanvas</Filter>
    </ClCompile>
    <ClCompile Include="..\Code\PartySuggestResponseChoice.cpp">
      <Filter>02.GameObject\99.GameUI\01.GameUIChild\06.PartySuggestResponseCanvasChild\PartySuggestResponseChoice</Filter>
    </ClCompile>
    <ClCompile Include="..\Code\PartySuggestResponseClose.cpp">
      <Filter>02.GameObject\99.GameUI\01.GameUIChild\06.PartySuggestResponseCanvasChild\PartySuggestResponseClose</Filter>
    </ClCompile>
    <ClCompile Include="..\Code\PartyUIClassInfo.cpp">
      <Filter>02.GameObject\99.GameUI\01.GameUIChild\08.PartyInfoListCanvasChild\PartyUIClassInfo</Filter>
    </ClCompile>
    <ClCompile Include="..\Code\PartyUIHpGauge.cpp">
      <Filter>02.GameObject\99.GameUI\01.GameUIChild\08.PartyInfoListCanvasChild\PartyUIHpGauge</Filter>
    </ClCompile>
    <ClCompile Include="..\Code\PartyUIMpGauge.cpp">
      <Filter>02.GameObject\99.GameUI\01.GameUIChild\08.PartyInfoListCanvasChild\PartyUIMpGauge</Filter>
    </ClCompile>
    <ClCompile Include="..\Code\ChattingCanvas.cpp">
      <Filter>02.GameObject\99.GameUI\00.GameUIRoot\08.ChattingCanvas</Filter>
    </ClCompile>
    <ClCompile Include="..\Code\ChattingInput.cpp">
      <Filter>02.GameObject\99.GameUI\01.GameUIChild\09.ChattingCanvasChild\ChattingInput</Filter>
    </ClCompile>
    <ClCompile Include="..\Code\ChattingCursor.cpp">
      <Filter>02.GameObject\99.GameUI\01.GameUIChild\09.ChattingCanvasChild\ChattingCursor</Filter>
    </ClCompile>
    <ClCompile Include="..\Code\ChattingMgr.cpp">
      <Filter>97.Mgr\07.ChattingMgr</Filter>
    </ClCompile>
    <ClCompile Include="..\Code\NPCMiniMap.cpp">
      <Filter>02.GameObject\99.GameUI\03.NPCMiniMap</Filter>
    </ClCompile>
    <ClCompile Include="..\Code\WarningFrame.cpp">
      <Filter>02.GameObject\99.GameUI\04.WarningFrame</Filter>
    </ClCompile>
    <ClCompile Include="..\Code\InventoryCanvas.cpp">
      <Filter>02.GameObject\99.GameUI\00.GameUIRoot\00.MainMenu\MainMenuInventory</Filter>
    </ClCompile>
    <ClCompile Include="..\Code\InventoryButtonClose.cpp">
      <Filter>02.GameObject\99.GameUI\01.GameUIChild\10.InventoryCanvasChild\InventoryButtonClose</Filter>
    </ClCompile>
    <ClCompile Include="..\Code\InventoryItemSlot.cpp">
      <Filter>02.GameObject\99.GameUI\01.GameUIChild\10.InventoryCanvasChild\InventoryItemSlot</Filter>
    </ClCompile>
    <ClCompile Include="..\Code\MainMenuLogoutCanvas.cpp">
      <Filter>02.GameObject\99.GameUI\00.GameUIRoot\00.MainMenu\MainMenuLogout</Filter>
    </ClCompile>
    <ClCompile Include="..\Code\MainMenuSettingCanvas.cpp">
      <Filter>02.GameObject\99.GameUI\00.GameUIRoot\00.MainMenu\MainMenuSetting</Filter>
    </ClCompile>
    <ClCompile Include="..\Code\InventoryEquipmentMgr.cpp">
      <Filter>97.Mgr\08.InventoryEquimentMgr</Filter>
    </ClCompile>
    <ClCompile Include="..\Code\EquipmentCanvas.cpp">
      <Filter>02.GameObject\99.GameUI\00.GameUIRoot\00.MainMenu\MainMenuEquipment</Filter>
    </ClCompile>
    <ClCompile Include="..\Code\EquipmentButtonClose.cpp">
      <Filter>02.GameObject\99.GameUI\01.GameUIChild\11.EquipmentCanvasChild\EquipmentButtonClose</Filter>
    </ClCompile>
    <ClCompile Include="..\Code\EquipmentItemSlot.cpp">
      <Filter>02.GameObject\99.GameUI\01.GameUIChild\11.EquipmentCanvasChild\EquipmentItemSlot</Filter>
    </ClCompile>
    <ClCompile Include="..\Code\InventorySwapSlot.cpp">
      <Filter>02.GameObject\99.GameUI\00.GameUIRoot\00.MainMenu\MainMenuInventory</Filter>
    </ClCompile>
    <ClCompile Include="..\Code\LoginIDBackground.cpp">
      <Filter>02.GameObject\99.GameUI\00.GameUIRoot\02.LoginIDBackground</Filter>
    </ClCompile>
    <ClCompile Include="..\Code\LoginIDInputString.cpp">
      <Filter>02.GameObject\99.GameUI\01.GameUIChild\02.LoginIDBackgroundChild\LoginIDInputString</Filter>
    </ClCompile>
    <ClCompile Include="..\Code\LoginIDFont.cpp">
      <Filter>02.GameObject\99.GameUI\01.GameUIChild\02.LoginIDBackgroundChild\LoginIDFont</Filter>
    </ClCompile>
    <ClCompile Include="..\Code\LoginIDButton.cpp">
      <Filter>02.GameObject\99.GameUI\01.GameUIChild\02.LoginIDBackgroundChild\LoginIDButton</Filter>
    </ClCompile>
    <ClCompile Include="..\Code\StoreMgr.cpp">
      <Filter>97.Mgr\09.StoreMgr</Filter>
    </ClCompile>
    <ClCompile Include="..\Code\InGameStoreCanvas.cpp">
      <Filter>02.GameObject\99.GameUI\00.GameUIRoot\09.InGameStoreCanvas</Filter>
    </ClCompile>
    <ClCompile Include="..\Code\StoreButtonCalculate.cpp">
      <Filter>02.GameObject\99.GameUI\01.GameUIChild\12.InGameStoreCanvasChild\StoreButtonCalculate</Filter>
    </ClCompile>
    <ClCompile Include="..\Code\StoreButtonClose.cpp">
      <Filter>02.GameObject\99.GameUI\01.GameUIChild\12.InGameStoreCanvasChild\StoreButtonClose</Filter>
    </ClCompile>
    <ClCompile Include="..\Code\StoreBuyListSlot.cpp">
      <Filter>02.GameObject\99.GameUI\01.GameUIChild\12.InGameStoreCanvasChild\StoreBuyListSlot</Filter>
    </ClCompile>
    <ClCompile Include="..\Code\StoreBuySellList.cpp">
      <Filter>02.GameObject\99.GameUI\01.GameUIChild\12.InGameStoreCanvasChild\StoreBuySellList</Filter>
    </ClCompile>
    <ClCompile Include="..\Code\StoreBuySellListBack.cpp">
      <Filter>02.GameObject\99.GameUI\01.GameUIChild\12.InGameStoreCanvasChild\StoreBuySellListBack</Filter>
    </ClCompile>
    <ClCompile Include="..\Code\StoreItemSlot.cpp">
      <Filter>02.GameObject\99.GameUI\01.GameUIChild\12.InGameStoreCanvasChild\StoreItemSlot</Filter>
    </ClCompile>
    <ClCompile Include="..\Code\StoreItemSlotBack.cpp">
      <Filter>02.GameObject\99.GameUI\01.GameUIChild\12.InGameStoreCanvasChild\StoreItemSlotBack</Filter>
    </ClCompile>
    <ClCompile Include="..\Code\StoreSellListSlot.cpp">
      <Filter>02.GameObject\99.GameUI\01.GameUIChild\12.InGameStoreCanvasChild\StoreSellListSlot</Filter>
    </ClCompile>
    <ClCompile Include="..\Code\StoreTab.cpp">
      <Filter>02.GameObject\99.GameUI\01.GameUIChild\12.InGameStoreCanvasChild\StoreTab</Filter>
    </ClCompile>
    <ClCompile Include="..\Code\QuickSlot.cpp">
      <Filter>02.GameObject\99.GameUI\01.GameUIChild\13.QuickSlot</Filter>
    </ClCompile>
    <ClCompile Include="..\Code\QuickSlotMgr.cpp">
      <Filter>97.Mgr\10.QuickSlotMgr</Filter>
    </ClCompile>
    <ClCompile Include="..\Code\QuickSlotSwapSlot.cpp">
      <Filter>02.GameObject\99.GameUI\00.GameUIRoot\10.QuickSlotSwapSlot</Filter>
    </ClCompile>
    <ClCompile Include="..\Code\Lakan.cpp">
      <Filter>02.GameObject\05.Monster\07.Lakan</Filter>
    </ClCompile>
    <ClCompile Include="..\Code\PrionBerserker.cpp">
      <Filter>02.GameObject\05.Monster\08.PrionBerserker</Filter>
    </ClCompile>
    <ClCompile Include="..\Code\PrionBerserkerBoss.cpp">
      <Filter>02.GameObject\05.Monster\09.PrionBerserkerBoss</Filter>
    </ClCompile>
    <ClCompile Include="..\Code\DmgFont.cpp">
      <Filter>02.GameObject\98.GameEffect\00.DmgFont</Filter>
    </ClCompile>
    <ClCompile Include="..\Code\EffectShield.cpp">
      <Filter>02.GameObject\98.GameEffect\08.PriestShield</Filter>
    </ClCompile>
    <ClCompile Include="..\Code\DistTrail.cpp">
      <Filter>02.GameObject\98.GameEffect\09.DistTrail%28ArcherSkill5%29</Filter>
    </ClCompile>
    <ClCompile Include="..\Code\FireRing.cpp">
      <Filter>02.GameObject\98.GameEffect\10.FireRing</Filter>
    </ClCompile>
    <ClCompile Include="..\Code\FrameMesh.cpp">
      <Filter>02.GameObject\98.GameEffect\10.FireRing</Filter>
    </ClCompile>
    <ClCompile Include="..\Code\SwordEffect.cpp">
      <Filter>02.GameObject\98.GameEffect\11.SwordEffect</Filter>
    </ClCompile>
    <ClCompile Include="..\Code\SwordEffect_s.cpp">
      <Filter>02.GameObject\98.GameEffect\12.SwordEffect_s</Filter>
    </ClCompile>
    <ClCompile Include="..\Code\GridShieldEffect.cpp">
      <Filter>02.GameObject\98.GameEffect\13.GridShield</Filter>
    </ClCompile>
    <ClCompile Include="..\Code\IceDecal.cpp">
      <Filter>02.GameObject\98.GameEffect\14.IceDecal</Filter>
    </ClCompile>
    <ClCompile Include="..\Code\IceStorm_m.cpp">
      <Filter>02.GameObject\98.GameEffect\15.IceStorm_m</Filter>
    </ClCompile>
    <ClCompile Include="..\Code\ParticleEffect.cpp">
      <Filter>02.GameObject\98.GameEffect\16.ParticleEffect</Filter>
    </ClCompile>
    <ClCompile Include="..\Code\LightingParticle.cpp">
      <Filter>02.GameObject\98.GameEffect\99.Garbage</Filter>
    </ClCompile>
    <ClCompile Include="..\Code\MagicCircleGlow.cpp">
      <Filter>02.GameObject\98.GameEffect\99.Garbage</Filter>
    </ClCompile>
    <ClCompile Include="..\Code\SwordTrailEffect.cpp">
      <Filter>02.GameObject\98.GameEffect\99.Garbage</Filter>
    </ClCompile>
    <ClCompile Include="..\Code\CinemaMgr.cpp">
      <Filter>97.Mgr\11.CinemaMgr</Filter>
    </ClCompile>
    <ClCompile Include="..\Code\EffectAxe.cpp">
      <Filter>02.GameObject\98.GameEffect\08.PriestShield</Filter>
    </ClCompile>
    <ClCompile Include="..\Code\CinemaVergos.cpp">
      <Filter>02.GameObject\05.Monster\10.CinemaVergos</Filter>
    </ClCompile>
    <ClCompile Include="..\Code\Vergos.cpp">
      <Filter>02.GameObject\05.Monster\11.Vergos</Filter>
    </ClCompile>
    <ClCompile Include="..\Code\MeshParticleEffect.cpp">
      <Filter>02.GameObject\98.GameEffect</Filter>
    </ClCompile>
    <ClCompile Include="..\Code\DragonEffect.cpp">
      <Filter>02.GameObject\98.GameEffect</Filter>
    </ClCompile>
    <ClCompile Include="..\Code\MiniMapCanvas.cpp">
      <Filter>02.GameObject\99.GameUI\00.GameUIRoot\11.MiniMapCanvas</Filter>
    </ClCompile>
    <ClCompile Include="..\Code\CoolTime.cpp">
      <Filter>02.GameObject\99.GameUI\01.GameUIChild\14.CoolTime</Filter>
    </ClCompile>
    <ClCompile Include="..\Code\QuestRequestCanvas.cpp">
      <Filter>02.GameObject\99.GameUI\00.GameUIRoot\12.QuestRequestCanvas</Filter>
    </ClCompile>
    <ClCompile Include="..\Code\QuestButtonAccept.cpp">
      <Filter>02.GameObject\99.GameUI\01.GameUIChild\15.QuestRequestCanvasChild\QuestButtonAccept</Filter>
    </ClCompile>
    <ClCompile Include="..\Code\QuestButtonClose.cpp">
      <Filter>02.GameObject\99.GameUI\01.GameUIChild\15.QuestRequestCanvasChild\QuestButtonClose</Filter>
    </ClCompile>
    <ClCompile Include="..\Code\QuestMgr.cpp">
      <Filter>97.Mgr\12.QuestMgr</Filter>
    </ClCompile>
    <ClCompile Include="..\Code\QuestComplete.cpp">
      <Filter>02.GameObject\99.GameUI\01.GameUIChild\16.QuestMiniCanvasChild</Filter>
    </ClCompile>
    <ClCompile Include="..\Code\QuestMessageButton.cpp">
      <Filter>02.GameObject\99.GameUI\01.GameUIChild\17.QuestMessageCanvas\QuestMessageButton</Filter>
    </ClCompile>
    <ClCompile Include="..\Code\QuestMessageButtonClose.cpp">
      <Filter>02.GameObject\99.GameUI\01.GameUIChild\17.QuestMessageCanvas\QuestMessageButtonClose</Filter>
    </ClCompile>
    <ClCompile Include="..\Code\QuestMessageCanvas.cpp">
      <Filter>02.GameObject\99.GameUI\00.GameUIRoot\13.QuestMessageCanvas</Filter>
    </ClCompile>
    <ClCompile Include="..\Code\WarningGround.cpp">
      <Filter>99.Etc</Filter>
    </ClCompile>
    <ClCompile Include="..\Code\RectDecal.cpp" />
    <ClCompile Include="..\Code\DirParticleEffect.cpp">
      <Filter>02.GameObject\98.GameEffect\16.ParticleEffect</Filter>
    </ClCompile>
    <ClCompile Include="..\Code\BreathEffect.cpp">
      <Filter>02.GameObject\98.GameEffect\99.Garbage</Filter>
    </ClCompile>
    <ClCompile Include="..\Code\VergosHpGauge.cpp">
      <Filter>02.GameObject\99.GameUI\01.GameUIChild\18.VergosHpGauge</Filter>
    </ClCompile>
  </ItemGroup>
  <ItemGroup>
    <Image Include="Client.ico">
      <Filter>99.Etc</Filter>
    </Image>
    <Image Include="small.ico">
      <Filter>99.Etc</Filter>
    </Image>
  </ItemGroup>
  <ItemGroup>
    <ResourceCompile Include="Client.rc">
      <Filter>99.Etc</Filter>
    </ResourceCompile>
  </ItemGroup>
</Project>